// !$*UTF8*$!
{
	archiveVersion = 1;
	classes = {
	};
	objectVersion = 55;
	objects = {

/* Begin PBXBuildFile section */
		5AF0E105AC544CD9A064859B /* LineSphereIntersectionTests.swift in Sources */ = {isa = PBXBuildFile; fileRef = 5AF0E0CA6B401BAD4E2D24E7 /* LineSphereIntersectionTests.swift */; };
		5AF0E39066190ABD7578C200 /* GMRay.swift in Sources */ = {isa = PBXBuildFile; fileRef = 5AF0E01B8CBBB9F892DB5530 /* GMRay.swift */; };
		5AF0E3FA3EDAC7B9DE2F2A19 /* GMImmutableNode.swift in Sources */ = {isa = PBXBuildFile; fileRef = 5AF0ED7EA7BAEFE349BE269B /* GMImmutableNode.swift */; };
		5AF0E5513899665A9EB93CD8 /* CollectionExt.swift in Sources */ = {isa = PBXBuildFile; fileRef = 5AF0EBDE204481488BFBF507 /* CollectionExt.swift */; };
		5AF0E6487D4D1472005934DD /* ColorsTests.swift in Sources */ = {isa = PBXBuildFile; fileRef = 5AF0E6AD078D155F5F5A3292 /* ColorsTests.swift */; };
		5AF0E879151D3D72AB7A8A53 /* GMCameraNode.swift in Sources */ = {isa = PBXBuildFile; fileRef = 5AF0EE76003514D77D5B8552 /* GMCameraNode.swift */; };
		5AF0E9487124A95D5FB331B6 /* GMImmutableCamera.swift in Sources */ = {isa = PBXBuildFile; fileRef = 5AF0E3E91D7D4AB0C113B49F /* GMImmutableCamera.swift */; };
		5AF0EAE678EF730DBFFEB572 /* GMNode.swift in Sources */ = {isa = PBXBuildFile; fileRef = 5AF0E7C72A12B9874DB3F0C0 /* GMNode.swift */; };
		5AF0EB117EACBC864C618E55 /* DisplayToWorldTests.swift in Sources */ = {isa = PBXBuildFile; fileRef = 5AF0E1A24DDBFA441CDC17BC /* DisplayToWorldTests.swift */; };
		5AF0EBA60320999FE9040BDE /* Float2Ext.swift in Sources */ = {isa = PBXBuildFile; fileRef = 5AF0E4D27B1032D567194052 /* Float2Ext.swift */; };
		5AF0EDBC1C969D139A07B92B /* GMImmutableScene.swift in Sources */ = {isa = PBXBuildFile; fileRef = 5AF0EBAA222B9EE33C543BC3 /* GMImmutableScene.swift */; };
		5AF0EE279710703E8A055B85 /* GMSphere.swift in Sources */ = {isa = PBXBuildFile; fileRef = 5AF0EDD771C0C454C6293107 /* GMSphere.swift */; };
		6308FE34274603DD009B7036 /* GMScene.swift in Sources */ = {isa = PBXBuildFile; fileRef = 6308FE33274603DD009B7036 /* GMScene.swift */; };
		637240DE273CCA10001ADFDE /* AppDelegate.swift in Sources */ = {isa = PBXBuildFile; fileRef = 637240DD273CCA10001ADFDE /* AppDelegate.swift */; };
		637240E0273CCA10001ADFDE /* SceneDelegate.swift in Sources */ = {isa = PBXBuildFile; fileRef = 637240DF273CCA10001ADFDE /* SceneDelegate.swift */; };
		637240E2273CCA10001ADFDE /* ViewController.swift in Sources */ = {isa = PBXBuildFile; fileRef = 637240E1273CCA10001ADFDE /* ViewController.swift */; };
		637240E5273CCA10001ADFDE /* Main.storyboard in Resources */ = {isa = PBXBuildFile; fileRef = 637240E3273CCA10001ADFDE /* Main.storyboard */; };
		637240E7273CCA11001ADFDE /* Assets.xcassets in Resources */ = {isa = PBXBuildFile; fileRef = 637240E6273CCA11001ADFDE /* Assets.xcassets */; };
		637240EA273CCA11001ADFDE /* LaunchScreen.storyboard in Resources */ = {isa = PBXBuildFile; fileRef = 637240E8273CCA11001ADFDE /* LaunchScreen.storyboard */; };
		637240F5273CCA11001ADFDE /* Metal006ButtonsTests.swift in Sources */ = {isa = PBXBuildFile; fileRef = 637240F4273CCA11001ADFDE /* Metal006ButtonsTests.swift */; };
		637240FF273CCA11001ADFDE /* Metal006ButtonsUITests.swift in Sources */ = {isa = PBXBuildFile; fileRef = 637240FE273CCA11001ADFDE /* Metal006ButtonsUITests.swift */; };
		63724101273CCA11001ADFDE /* Metal006ButtonsUITestsLaunchTests.swift in Sources */ = {isa = PBXBuildFile; fileRef = 63724100273CCA11001ADFDE /* Metal006ButtonsUITestsLaunchTests.swift */; };
		6372412F273CD08A001ADFDE /* AppDelegateExt.swift in Sources */ = {isa = PBXBuildFile; fileRef = 6372412E273CD08A001ADFDE /* AppDelegateExt.swift */; };
		63724131273CD093001ADFDE /* Colors.swift in Sources */ = {isa = PBXBuildFile; fileRef = 63724130273CD093001ADFDE /* Colors.swift */; };
		63724133273CD099001ADFDE /* FloatTypeAliases.swift in Sources */ = {isa = PBXBuildFile; fileRef = 63724132273CD099001ADFDE /* FloatTypeAliases.swift */; };
		63724135273CD0A1001ADFDE /* MetalBits.swift in Sources */ = {isa = PBXBuildFile; fileRef = 63724134273CD0A1001ADFDE /* MetalBits.swift */; };
		63724137273CD0A8001ADFDE /* MTLClearColorExt.swift in Sources */ = {isa = PBXBuildFile; fileRef = 63724136273CD0A7001ADFDE /* MTLClearColorExt.swift */; };
		63724139273CD0AC001ADFDE /* Point.swift in Sources */ = {isa = PBXBuildFile; fileRef = 63724138273CD0AC001ADFDE /* Point.swift */; };
		6372413B273CD0B2001ADFDE /* RenderableCollection.swift in Sources */ = {isa = PBXBuildFile; fileRef = 6372413A273CD0B2001ADFDE /* RenderableCollection.swift */; };
		6372413D273CD0B7001ADFDE /* RenderableNode.swift in Sources */ = {isa = PBXBuildFile; fileRef = 6372413C273CD0B7001ADFDE /* RenderableNode.swift */; };
		6372413F273CD0BD001ADFDE /* Renderer.swift in Sources */ = {isa = PBXBuildFile; fileRef = 6372413E273CD0BD001ADFDE /* Renderer.swift */; };
		63724141273CD0C2001ADFDE /* Shaders.metal in Sources */ = {isa = PBXBuildFile; fileRef = 63724140273CD0C2001ADFDE /* Shaders.metal */; };
		63724143273CD0CA001ADFDE /* SimdFloat4x4Ext.swift in Sources */ = {isa = PBXBuildFile; fileRef = 63724142273CD0CA001ADFDE /* SimdFloat4x4Ext.swift */; };
		63724145273CD0CF001ADFDE /* VerticeCollections.swift in Sources */ = {isa = PBXBuildFile; fileRef = 63724144273CD0CF001ADFDE /* VerticeCollections.swift */; };
		63724147273CD0D6001ADFDE /* Vertices.swift in Sources */ = {isa = PBXBuildFile; fileRef = 63724146273CD0D6001ADFDE /* Vertices.swift */; };
/* End PBXBuildFile section */

/* Begin PBXContainerItemProxy section */
		637240F1273CCA11001ADFDE /* PBXContainerItemProxy */ = {
			isa = PBXContainerItemProxy;
			containerPortal = 637240D2273CCA10001ADFDE /* Project object */;
			proxyType = 1;
			remoteGlobalIDString = 637240D9273CCA10001ADFDE;
			remoteInfo = Metal006Buttons;
		};
		637240FB273CCA11001ADFDE /* PBXContainerItemProxy */ = {
			isa = PBXContainerItemProxy;
			containerPortal = 637240D2273CCA10001ADFDE /* Project object */;
			proxyType = 1;
			remoteGlobalIDString = 637240D9273CCA10001ADFDE;
			remoteInfo = Metal006Buttons;
		};
/* End PBXContainerItemProxy section */

/* Begin PBXFileReference section */
		5AF0E01B8CBBB9F892DB5530 /* GMRay.swift */ = {isa = PBXFileReference; fileEncoding = 4; lastKnownFileType = sourcecode.swift; path = GMRay.swift; sourceTree = "<group>"; };
		5AF0E0CA6B401BAD4E2D24E7 /* LineSphereIntersectionTests.swift */ = {isa = PBXFileReference; fileEncoding = 4; lastKnownFileType = sourcecode.swift; path = LineSphereIntersectionTests.swift; sourceTree = "<group>"; };
		5AF0E1A24DDBFA441CDC17BC /* DisplayToWorldTests.swift */ = {isa = PBXFileReference; fileEncoding = 4; lastKnownFileType = sourcecode.swift; path = DisplayToWorldTests.swift; sourceTree = "<group>"; };
		5AF0E3E91D7D4AB0C113B49F /* GMImmutableCamera.swift */ = {isa = PBXFileReference; fileEncoding = 4; lastKnownFileType = sourcecode.swift; path = GMImmutableCamera.swift; sourceTree = "<group>"; };
		5AF0E4D27B1032D567194052 /* Float2Ext.swift */ = {isa = PBXFileReference; fileEncoding = 4; lastKnownFileType = sourcecode.swift; path = Float2Ext.swift; sourceTree = "<group>"; };
		5AF0E6AD078D155F5F5A3292 /* ColorsTests.swift */ = {isa = PBXFileReference; fileEncoding = 4; lastKnownFileType = sourcecode.swift; path = ColorsTests.swift; sourceTree = "<group>"; };
		5AF0E7C72A12B9874DB3F0C0 /* GMNode.swift */ = {isa = PBXFileReference; fileEncoding = 4; lastKnownFileType = sourcecode.swift; path = GMNode.swift; sourceTree = "<group>"; };
		5AF0EBAA222B9EE33C543BC3 /* GMImmutableScene.swift */ = {isa = PBXFileReference; fileEncoding = 4; lastKnownFileType = sourcecode.swift; path = GMImmutableScene.swift; sourceTree = "<group>"; };
		5AF0EBDE204481488BFBF507 /* CollectionExt.swift */ = {isa = PBXFileReference; fileEncoding = 4; lastKnownFileType = sourcecode.swift; path = CollectionExt.swift; sourceTree = "<group>"; };
		5AF0ED7EA7BAEFE349BE269B /* GMImmutableNode.swift */ = {isa = PBXFileReference; fileEncoding = 4; lastKnownFileType = sourcecode.swift; path = GMImmutableNode.swift; sourceTree = "<group>"; };
		5AF0EDD771C0C454C6293107 /* GMSphere.swift */ = {isa = PBXFileReference; fileEncoding = 4; lastKnownFileType = sourcecode.swift; path = GMSphere.swift; sourceTree = "<group>"; };
		5AF0EE76003514D77D5B8552 /* GMCameraNode.swift */ = {isa = PBXFileReference; fileEncoding = 4; lastKnownFileType = sourcecode.swift; path = GMCameraNode.swift; sourceTree = "<group>"; };
		6308FE33274603DD009B7036 /* GMScene.swift */ = {isa = PBXFileReference; fileEncoding = 4; lastKnownFileType = sourcecode.swift; path = GMScene.swift; sourceTree = "<group>"; };
		637240DA273CCA10001ADFDE /* Metal006Buttons.app */ = {isa = PBXFileReference; explicitFileType = wrapper.application; includeInIndex = 0; path = Metal006Buttons.app; sourceTree = BUILT_PRODUCTS_DIR; };
		637240DD273CCA10001ADFDE /* AppDelegate.swift */ = {isa = PBXFileReference; lastKnownFileType = sourcecode.swift; path = AppDelegate.swift; sourceTree = "<group>"; };
		637240DF273CCA10001ADFDE /* SceneDelegate.swift */ = {isa = PBXFileReference; lastKnownFileType = sourcecode.swift; path = SceneDelegate.swift; sourceTree = "<group>"; };
		637240E1273CCA10001ADFDE /* ViewController.swift */ = {isa = PBXFileReference; lastKnownFileType = sourcecode.swift; path = ViewController.swift; sourceTree = "<group>"; };
		637240E4273CCA10001ADFDE /* Base */ = {isa = PBXFileReference; lastKnownFileType = file.storyboard; name = Base; path = Base.lproj/Main.storyboard; sourceTree = "<group>"; };
		637240E6273CCA11001ADFDE /* Assets.xcassets */ = {isa = PBXFileReference; lastKnownFileType = folder.assetcatalog; path = Assets.xcassets; sourceTree = "<group>"; };
		637240E9273CCA11001ADFDE /* Base */ = {isa = PBXFileReference; lastKnownFileType = file.storyboard; name = Base; path = Base.lproj/LaunchScreen.storyboard; sourceTree = "<group>"; };
		637240EB273CCA11001ADFDE /* Info.plist */ = {isa = PBXFileReference; lastKnownFileType = text.plist.xml; path = Info.plist; sourceTree = "<group>"; };
		637240F0273CCA11001ADFDE /* Metal006ButtonsTests.xctest */ = {isa = PBXFileReference; explicitFileType = wrapper.cfbundle; includeInIndex = 0; path = Metal006ButtonsTests.xctest; sourceTree = BUILT_PRODUCTS_DIR; };
		637240F4273CCA11001ADFDE /* Metal006ButtonsTests.swift */ = {isa = PBXFileReference; lastKnownFileType = sourcecode.swift; path = Metal006ButtonsTests.swift; sourceTree = "<group>"; };
		637240FA273CCA11001ADFDE /* Metal006ButtonsUITests.xctest */ = {isa = PBXFileReference; explicitFileType = wrapper.cfbundle; includeInIndex = 0; path = Metal006ButtonsUITests.xctest; sourceTree = BUILT_PRODUCTS_DIR; };
		637240FE273CCA11001ADFDE /* Metal006ButtonsUITests.swift */ = {isa = PBXFileReference; lastKnownFileType = sourcecode.swift; path = Metal006ButtonsUITests.swift; sourceTree = "<group>"; };
		63724100273CCA11001ADFDE /* Metal006ButtonsUITestsLaunchTests.swift */ = {isa = PBXFileReference; lastKnownFileType = sourcecode.swift; path = Metal006ButtonsUITestsLaunchTests.swift; sourceTree = "<group>"; };
		6372412E273CD08A001ADFDE /* AppDelegateExt.swift */ = {isa = PBXFileReference; fileEncoding = 4; lastKnownFileType = sourcecode.swift; path = AppDelegateExt.swift; sourceTree = "<group>"; };
		63724130273CD093001ADFDE /* Colors.swift */ = {isa = PBXFileReference; fileEncoding = 4; lastKnownFileType = sourcecode.swift; path = Colors.swift; sourceTree = "<group>"; };
		63724132273CD099001ADFDE /* FloatTypeAliases.swift */ = {isa = PBXFileReference; fileEncoding = 4; lastKnownFileType = sourcecode.swift; path = FloatTypeAliases.swift; sourceTree = "<group>"; };
		63724134273CD0A1001ADFDE /* MetalBits.swift */ = {isa = PBXFileReference; fileEncoding = 4; lastKnownFileType = sourcecode.swift; path = MetalBits.swift; sourceTree = "<group>"; };
		63724136273CD0A7001ADFDE /* MTLClearColorExt.swift */ = {isa = PBXFileReference; fileEncoding = 4; lastKnownFileType = sourcecode.swift; path = MTLClearColorExt.swift; sourceTree = "<group>"; };
		63724138273CD0AC001ADFDE /* Point.swift */ = {isa = PBXFileReference; fileEncoding = 4; lastKnownFileType = sourcecode.swift; path = Point.swift; sourceTree = "<group>"; };
		6372413A273CD0B2001ADFDE /* RenderableCollection.swift */ = {isa = PBXFileReference; fileEncoding = 4; lastKnownFileType = sourcecode.swift; path = RenderableCollection.swift; sourceTree = "<group>"; };
		6372413C273CD0B7001ADFDE /* RenderableNode.swift */ = {isa = PBXFileReference; fileEncoding = 4; lastKnownFileType = sourcecode.swift; path = RenderableNode.swift; sourceTree = "<group>"; };
		6372413E273CD0BD001ADFDE /* Renderer.swift */ = {isa = PBXFileReference; fileEncoding = 4; lastKnownFileType = sourcecode.swift; path = Renderer.swift; sourceTree = "<group>"; };
		63724140273CD0C2001ADFDE /* Shaders.metal */ = {isa = PBXFileReference; fileEncoding = 4; lastKnownFileType = sourcecode.metal; path = Shaders.metal; sourceTree = "<group>"; };
		63724142273CD0CA001ADFDE /* SimdFloat4x4Ext.swift */ = {isa = PBXFileReference; fileEncoding = 4; lastKnownFileType = sourcecode.swift; path = SimdFloat4x4Ext.swift; sourceTree = "<group>"; };
		63724144273CD0CF001ADFDE /* VerticeCollections.swift */ = {isa = PBXFileReference; fileEncoding = 4; lastKnownFileType = sourcecode.swift; path = VerticeCollections.swift; sourceTree = "<group>"; };
		63724146273CD0D6001ADFDE /* Vertices.swift */ = {isa = PBXFileReference; fileEncoding = 4; lastKnownFileType = sourcecode.swift; path = Vertices.swift; sourceTree = "<group>"; };
/* End PBXFileReference section */

/* Begin PBXFrameworksBuildPhase section */
		637240D7273CCA10001ADFDE /* Frameworks */ = {
			isa = PBXFrameworksBuildPhase;
			buildActionMask = 2147483647;
			files = (
			);
			runOnlyForDeploymentPostprocessing = 0;
		};
		637240ED273CCA11001ADFDE /* Frameworks */ = {
			isa = PBXFrameworksBuildPhase;
			buildActionMask = 2147483647;
			files = (
			);
			runOnlyForDeploymentPostprocessing = 0;
		};
		637240F7273CCA11001ADFDE /* Frameworks */ = {
			isa = PBXFrameworksBuildPhase;
			buildActionMask = 2147483647;
			files = (
			);
			runOnlyForDeploymentPostprocessing = 0;
		};
/* End PBXFrameworksBuildPhase section */

/* Begin PBXGroup section */
		5AF0E118F59D5F8A9BE8CC25 /* Math */ = {
			isa = PBXGroup;
			children = (
				5AF0E01B8CBBB9F892DB5530 /* GMRay.swift */,
				5AF0EDD771C0C454C6293107 /* GMSphere.swift */,
			);
			path = Math;
			sourceTree = "<group>";
		};
		6308FE32274603AD009B7036 /* SceneGraph */ = {
			isa = PBXGroup;
			children = (
				6308FE33274603DD009B7036 /* GMScene.swift */,
				5AF0E7C72A12B9874DB3F0C0 /* GMNode.swift */,
				5AF0EE76003514D77D5B8552 /* GMCameraNode.swift */,
				5AF0E3E91D7D4AB0C113B49F /* GMImmutableCamera.swift */,
				5AF0EBAA222B9EE33C543BC3 /* GMImmutableScene.swift */,
				5AF0ED7EA7BAEFE349BE269B /* GMImmutableNode.swift */,
			);
			path = SceneGraph;
			sourceTree = "<group>";
		};
		637240D1273CCA10001ADFDE = {
			isa = PBXGroup;
			children = (
				637240DC273CCA10001ADFDE /* Metal006Buttons */,
				637240F3273CCA11001ADFDE /* Metal006ButtonsTests */,
				637240FD273CCA11001ADFDE /* Metal006ButtonsUITests */,
				637240DB273CCA10001ADFDE /* Products */,
			);
			sourceTree = "<group>";
		};
		637240DB273CCA10001ADFDE /* Products */ = {
			isa = PBXGroup;
			children = (
				637240DA273CCA10001ADFDE /* Metal006Buttons.app */,
				637240F0273CCA11001ADFDE /* Metal006ButtonsTests.xctest */,
				637240FA273CCA11001ADFDE /* Metal006ButtonsUITests.xctest */,
			);
			name = Products;
			sourceTree = "<group>";
		};
		637240DC273CCA10001ADFDE /* Metal006Buttons */ = {
			isa = PBXGroup;
			children = (
				6372412B273CD014001ADFDE /* Shared */,
				637240DD273CCA10001ADFDE /* AppDelegate.swift */,
				637240DF273CCA10001ADFDE /* SceneDelegate.swift */,
				637240E1273CCA10001ADFDE /* ViewController.swift */,
				637240E3273CCA10001ADFDE /* Main.storyboard */,
				637240E6273CCA11001ADFDE /* Assets.xcassets */,
				637240E8273CCA11001ADFDE /* LaunchScreen.storyboard */,
				637240EB273CCA11001ADFDE /* Info.plist */,
			);
			path = Metal006Buttons;
			sourceTree = "<group>";
		};
		637240F3273CCA11001ADFDE /* Metal006ButtonsTests */ = {
			isa = PBXGroup;
			children = (
				637240F4273CCA11001ADFDE /* Metal006ButtonsTests.swift */,
				5AF0E0CA6B401BAD4E2D24E7 /* LineSphereIntersectionTests.swift */,
				5AF0E1A24DDBFA441CDC17BC /* DisplayToWorldTests.swift */,
				5AF0E6AD078D155F5F5A3292 /* ColorsTests.swift */,
			);
			path = Metal006ButtonsTests;
			sourceTree = "<group>";
		};
		637240FD273CCA11001ADFDE /* Metal006ButtonsUITests */ = {
			isa = PBXGroup;
			children = (
				637240FE273CCA11001ADFDE /* Metal006ButtonsUITests.swift */,
				63724100273CCA11001ADFDE /* Metal006ButtonsUITestsLaunchTests.swift */,
			);
			path = Metal006ButtonsUITests;
			sourceTree = "<group>";
		};
		6372412B273CD014001ADFDE /* Shared */ = {
			isa = PBXGroup;
			children = (
				63724150273CD245001ADFDE /* Game */,
				63724132273CD099001ADFDE /* FloatTypeAliases.swift */,
				63724134273CD0A1001ADFDE /* MetalBits.swift */,
				63724136273CD0A7001ADFDE /* MTLClearColorExt.swift */,
				63724130273CD093001ADFDE /* Colors.swift */,
				63724138273CD0AC001ADFDE /* Point.swift */,
				6372412E273CD08A001ADFDE /* AppDelegateExt.swift */,
				6372413A273CD0B2001ADFDE /* RenderableCollection.swift */,
				6372413C273CD0B7001ADFDE /* RenderableNode.swift */,
				6372413E273CD0BD001ADFDE /* Renderer.swift */,
				63724140273CD0C2001ADFDE /* Shaders.metal */,
				63724142273CD0CA001ADFDE /* SimdFloat4x4Ext.swift */,
				63724144273CD0CF001ADFDE /* VerticeCollections.swift */,
				63724146273CD0D6001ADFDE /* Vertices.swift */,
				5AF0EBDE204481488BFBF507 /* CollectionExt.swift */,
				5AF0E4D27B1032D567194052 /* Float2Ext.swift */,
			);
			path = Shared;
			sourceTree = "<group>";
		};
		63724150273CD245001ADFDE /* Game */ = {
			isa = PBXGroup;
			children = (
				6308FE32274603AD009B7036 /* SceneGraph */,
				5AF0E118F59D5F8A9BE8CC25 /* Math */,
			);
			path = Game;
			sourceTree = "<group>";
		};
/* End PBXGroup section */

/* Begin PBXNativeTarget section */
		637240D9273CCA10001ADFDE /* Metal006Buttons */ = {
			isa = PBXNativeTarget;
			buildConfigurationList = 63724104273CCA11001ADFDE /* Build configuration list for PBXNativeTarget "Metal006Buttons" */;
			buildPhases = (
				637240D6273CCA10001ADFDE /* Sources */,
				637240D7273CCA10001ADFDE /* Frameworks */,
				637240D8273CCA10001ADFDE /* Resources */,
			);
			buildRules = (
			);
			dependencies = (
			);
			name = Metal006Buttons;
			productName = Metal006Buttons;
			productReference = 637240DA273CCA10001ADFDE /* Metal006Buttons.app */;
			productType = "com.apple.product-type.application";
		};
		637240EF273CCA11001ADFDE /* Metal006ButtonsTests */ = {
			isa = PBXNativeTarget;
			buildConfigurationList = 63724107273CCA11001ADFDE /* Build configuration list for PBXNativeTarget "Metal006ButtonsTests" */;
			buildPhases = (
				637240EC273CCA11001ADFDE /* Sources */,
				637240ED273CCA11001ADFDE /* Frameworks */,
				637240EE273CCA11001ADFDE /* Resources */,
			);
			buildRules = (
			);
			dependencies = (
				637240F2273CCA11001ADFDE /* PBXTargetDependency */,
			);
			name = Metal006ButtonsTests;
			productName = Metal006ButtonsTests;
			productReference = 637240F0273CCA11001ADFDE /* Metal006ButtonsTests.xctest */;
			productType = "com.apple.product-type.bundle.unit-test";
		};
		637240F9273CCA11001ADFDE /* Metal006ButtonsUITests */ = {
			isa = PBXNativeTarget;
			buildConfigurationList = 6372410A273CCA11001ADFDE /* Build configuration list for PBXNativeTarget "Metal006ButtonsUITests" */;
			buildPhases = (
				637240F6273CCA11001ADFDE /* Sources */,
				637240F7273CCA11001ADFDE /* Frameworks */,
				637240F8273CCA11001ADFDE /* Resources */,
			);
			buildRules = (
			);
			dependencies = (
				637240FC273CCA11001ADFDE /* PBXTargetDependency */,
			);
			name = Metal006ButtonsUITests;
			productName = Metal006ButtonsUITests;
			productReference = 637240FA273CCA11001ADFDE /* Metal006ButtonsUITests.xctest */;
			productType = "com.apple.product-type.bundle.ui-testing";
		};
/* End PBXNativeTarget section */

/* Begin PBXProject section */
		637240D2273CCA10001ADFDE /* Project object */ = {
			isa = PBXProject;
			attributes = {
				BuildIndependentTargetsInParallel = 1;
				LastSwiftUpdateCheck = 1310;
				LastUpgradeCheck = 1310;
				TargetAttributes = {
					637240D9273CCA10001ADFDE = {
						CreatedOnToolsVersion = 13.1;
					};
					637240EF273CCA11001ADFDE = {
						CreatedOnToolsVersion = 13.1;
						TestTargetID = 637240D9273CCA10001ADFDE;
					};
					637240F9273CCA11001ADFDE = {
						CreatedOnToolsVersion = 13.1;
						TestTargetID = 637240D9273CCA10001ADFDE;
					};
				};
			};
			buildConfigurationList = 637240D5273CCA10001ADFDE /* Build configuration list for PBXProject "Metal006Buttons" */;
			compatibilityVersion = "Xcode 13.0";
			developmentRegion = en;
			hasScannedForEncodings = 0;
			knownRegions = (
				en,
				Base,
			);
			mainGroup = 637240D1273CCA10001ADFDE;
			productRefGroup = 637240DB273CCA10001ADFDE /* Products */;
			projectDirPath = "";
			projectRoot = "";
			targets = (
				637240D9273CCA10001ADFDE /* Metal006Buttons */,
				637240EF273CCA11001ADFDE /* Metal006ButtonsTests */,
				637240F9273CCA11001ADFDE /* Metal006ButtonsUITests */,
			);
		};
/* End PBXProject section */

/* Begin PBXResourcesBuildPhase section */
		637240D8273CCA10001ADFDE /* Resources */ = {
			isa = PBXResourcesBuildPhase;
			buildActionMask = 2147483647;
			files = (
				637240EA273CCA11001ADFDE /* LaunchScreen.storyboard in Resources */,
				637240E7273CCA11001ADFDE /* Assets.xcassets in Resources */,
				637240E5273CCA10001ADFDE /* Main.storyboard in Resources */,
			);
			runOnlyForDeploymentPostprocessing = 0;
		};
		637240EE273CCA11001ADFDE /* Resources */ = {
			isa = PBXResourcesBuildPhase;
			buildActionMask = 2147483647;
			files = (
			);
			runOnlyForDeploymentPostprocessing = 0;
		};
		637240F8273CCA11001ADFDE /* Resources */ = {
			isa = PBXResourcesBuildPhase;
			buildActionMask = 2147483647;
			files = (
			);
			runOnlyForDeploymentPostprocessing = 0;
		};
/* End PBXResourcesBuildPhase section */

/* Begin PBXSourcesBuildPhase section */
		637240D6273CCA10001ADFDE /* Sources */ = {
			isa = PBXSourcesBuildPhase;
			buildActionMask = 2147483647;
			files = (
				6372412F273CD08A001ADFDE /* AppDelegateExt.swift in Sources */,
				63724135273CD0A1001ADFDE /* MetalBits.swift in Sources */,
				63724143273CD0CA001ADFDE /* SimdFloat4x4Ext.swift in Sources */,
				63724145273CD0CF001ADFDE /* VerticeCollections.swift in Sources */,
				63724141273CD0C2001ADFDE /* Shaders.metal in Sources */,
				6308FE34274603DD009B7036 /* GMScene.swift in Sources */,
				63724131273CD093001ADFDE /* Colors.swift in Sources */,
				637240E2273CCA10001ADFDE /* ViewController.swift in Sources */,
				6372413F273CD0BD001ADFDE /* Renderer.swift in Sources */,
				637240DE273CCA10001ADFDE /* AppDelegate.swift in Sources */,
				6372413D273CD0B7001ADFDE /* RenderableNode.swift in Sources */,
				6372413B273CD0B2001ADFDE /* RenderableCollection.swift in Sources */,
				63724139273CD0AC001ADFDE /* Point.swift in Sources */,
				63724137273CD0A8001ADFDE /* MTLClearColorExt.swift in Sources */,
				637240E0273CCA10001ADFDE /* SceneDelegate.swift in Sources */,
				63724147273CD0D6001ADFDE /* Vertices.swift in Sources */,
				63724133273CD099001ADFDE /* FloatTypeAliases.swift in Sources */,
				5AF0E5513899665A9EB93CD8 /* CollectionExt.swift in Sources */,
				5AF0EBA60320999FE9040BDE /* Float2Ext.swift in Sources */,
				5AF0EAE678EF730DBFFEB572 /* GMNode.swift in Sources */,
				5AF0E879151D3D72AB7A8A53 /* GMCameraNode.swift in Sources */,
				5AF0E9487124A95D5FB331B6 /* GMImmutableCamera.swift in Sources */,
				5AF0EDBC1C969D139A07B92B /* GMImmutableScene.swift in Sources */,
				5AF0E3FA3EDAC7B9DE2F2A19 /* GMImmutableNode.swift in Sources */,
				5AF0E39066190ABD7578C200 /* GMRay.swift in Sources */,
				5AF0EE279710703E8A055B85 /* GMSphere.swift in Sources */,
			);
			runOnlyForDeploymentPostprocessing = 0;
		};
		637240EC273CCA11001ADFDE /* Sources */ = {
			isa = PBXSourcesBuildPhase;
			buildActionMask = 2147483647;
			files = (
				637240F5273CCA11001ADFDE /* Metal006ButtonsTests.swift in Sources */,
				5AF0E105AC544CD9A064859B /* LineSphereIntersectionTests.swift in Sources */,
				5AF0EB117EACBC864C618E55 /* DisplayToWorldTests.swift in Sources */,
				5AF0E6487D4D1472005934DD /* ColorsTests.swift in Sources */,
			);
			runOnlyForDeploymentPostprocessing = 0;
		};
		637240F6273CCA11001ADFDE /* Sources */ = {
			isa = PBXSourcesBuildPhase;
			buildActionMask = 2147483647;
			files = (
				637240FF273CCA11001ADFDE /* Metal006ButtonsUITests.swift in Sources */,
				63724101273CCA11001ADFDE /* Metal006ButtonsUITestsLaunchTests.swift in Sources */,
			);
			runOnlyForDeploymentPostprocessing = 0;
		};
/* End PBXSourcesBuildPhase section */

/* Begin PBXTargetDependency section */
		637240F2273CCA11001ADFDE /* PBXTargetDependency */ = {
			isa = PBXTargetDependency;
			target = 637240D9273CCA10001ADFDE /* Metal006Buttons */;
			targetProxy = 637240F1273CCA11001ADFDE /* PBXContainerItemProxy */;
		};
		637240FC273CCA11001ADFDE /* PBXTargetDependency */ = {
			isa = PBXTargetDependency;
			target = 637240D9273CCA10001ADFDE /* Metal006Buttons */;
			targetProxy = 637240FB273CCA11001ADFDE /* PBXContainerItemProxy */;
		};
/* End PBXTargetDependency section */

/* Begin PBXVariantGroup section */
		637240E3273CCA10001ADFDE /* Main.storyboard */ = {
			isa = PBXVariantGroup;
			children = (
				637240E4273CCA10001ADFDE /* Base */,
			);
			name = Main.storyboard;
			sourceTree = "<group>";
		};
		637240E8273CCA11001ADFDE /* LaunchScreen.storyboard */ = {
			isa = PBXVariantGroup;
			children = (
				637240E9273CCA11001ADFDE /* Base */,
			);
			name = LaunchScreen.storyboard;
			sourceTree = "<group>";
		};
/* End PBXVariantGroup section */

/* Begin XCBuildConfiguration section */
		63724102273CCA11001ADFDE /* Debug */ = {
			isa = XCBuildConfiguration;
			buildSettings = {
				ALWAYS_SEARCH_USER_PATHS = NO;
				CLANG_ANALYZER_NONNULL = YES;
				CLANG_ANALYZER_NUMBER_OBJECT_CONVERSION = YES_AGGRESSIVE;
				CLANG_CXX_LANGUAGE_STANDARD = "gnu++17";
				CLANG_CXX_LIBRARY = "libc++";
				CLANG_ENABLE_MODULES = YES;
				CLANG_ENABLE_OBJC_ARC = YES;
				CLANG_ENABLE_OBJC_WEAK = YES;
				CLANG_WARN_BLOCK_CAPTURE_AUTORELEASING = YES;
				CLANG_WARN_BOOL_CONVERSION = YES;
				CLANG_WARN_COMMA = YES;
				CLANG_WARN_CONSTANT_CONVERSION = YES;
				CLANG_WARN_DEPRECATED_OBJC_IMPLEMENTATIONS = YES;
				CLANG_WARN_DIRECT_OBJC_ISA_USAGE = YES_ERROR;
				CLANG_WARN_DOCUMENTATION_COMMENTS = YES;
				CLANG_WARN_EMPTY_BODY = YES;
				CLANG_WARN_ENUM_CONVERSION = YES;
				CLANG_WARN_INFINITE_RECURSION = YES;
				CLANG_WARN_INT_CONVERSION = YES;
				CLANG_WARN_NON_LITERAL_NULL_CONVERSION = YES;
				CLANG_WARN_OBJC_IMPLICIT_RETAIN_SELF = YES;
				CLANG_WARN_OBJC_LITERAL_CONVERSION = YES;
				CLANG_WARN_OBJC_ROOT_CLASS = YES_ERROR;
				CLANG_WARN_QUOTED_INCLUDE_IN_FRAMEWORK_HEADER = YES;
				CLANG_WARN_RANGE_LOOP_ANALYSIS = YES;
				CLANG_WARN_STRICT_PROTOTYPES = YES;
				CLANG_WARN_SUSPICIOUS_MOVE = YES;
				CLANG_WARN_UNGUARDED_AVAILABILITY = YES_AGGRESSIVE;
				CLANG_WARN_UNREACHABLE_CODE = YES;
				CLANG_WARN__DUPLICATE_METHOD_MATCH = YES;
				COPY_PHASE_STRIP = NO;
				DEBUG_INFORMATION_FORMAT = dwarf;
				ENABLE_STRICT_OBJC_MSGSEND = YES;
				ENABLE_TESTABILITY = YES;
				GCC_C_LANGUAGE_STANDARD = gnu11;
				GCC_DYNAMIC_NO_PIC = NO;
				GCC_NO_COMMON_BLOCKS = YES;
				GCC_OPTIMIZATION_LEVEL = 0;
				GCC_PREPROCESSOR_DEFINITIONS = (
					"DEBUG=1",
					"$(inherited)",
				);
				GCC_WARN_64_TO_32_BIT_CONVERSION = YES;
				GCC_WARN_ABOUT_RETURN_TYPE = YES_ERROR;
				GCC_WARN_UNDECLARED_SELECTOR = YES;
				GCC_WARN_UNINITIALIZED_AUTOS = YES_AGGRESSIVE;
				GCC_WARN_UNUSED_FUNCTION = YES;
				GCC_WARN_UNUSED_VARIABLE = YES;
				IPHONEOS_DEPLOYMENT_TARGET = 15.0;
				MTL_ENABLE_DEBUG_INFO = INCLUDE_SOURCE;
				MTL_FAST_MATH = YES;
				ONLY_ACTIVE_ARCH = YES;
				SDKROOT = iphoneos;
				SWIFT_ACTIVE_COMPILATION_CONDITIONS = DEBUG;
				SWIFT_OPTIMIZATION_LEVEL = "-Onone";
			};
			name = Debug;
		};
		63724103273CCA11001ADFDE /* Release */ = {
			isa = XCBuildConfiguration;
			buildSettings = {
				ALWAYS_SEARCH_USER_PATHS = NO;
				CLANG_ANALYZER_NONNULL = YES;
				CLANG_ANALYZER_NUMBER_OBJECT_CONVERSION = YES_AGGRESSIVE;
				CLANG_CXX_LANGUAGE_STANDARD = "gnu++17";
				CLANG_CXX_LIBRARY = "libc++";
				CLANG_ENABLE_MODULES = YES;
				CLANG_ENABLE_OBJC_ARC = YES;
				CLANG_ENABLE_OBJC_WEAK = YES;
				CLANG_WARN_BLOCK_CAPTURE_AUTORELEASING = YES;
				CLANG_WARN_BOOL_CONVERSION = YES;
				CLANG_WARN_COMMA = YES;
				CLANG_WARN_CONSTANT_CONVERSION = YES;
				CLANG_WARN_DEPRECATED_OBJC_IMPLEMENTATIONS = YES;
				CLANG_WARN_DIRECT_OBJC_ISA_USAGE = YES_ERROR;
				CLANG_WARN_DOCUMENTATION_COMMENTS = YES;
				CLANG_WARN_EMPTY_BODY = YES;
				CLANG_WARN_ENUM_CONVERSION = YES;
				CLANG_WARN_INFINITE_RECURSION = YES;
				CLANG_WARN_INT_CONVERSION = YES;
				CLANG_WARN_NON_LITERAL_NULL_CONVERSION = YES;
				CLANG_WARN_OBJC_IMPLICIT_RETAIN_SELF = YES;
				CLANG_WARN_OBJC_LITERAL_CONVERSION = YES;
				CLANG_WARN_OBJC_ROOT_CLASS = YES_ERROR;
				CLANG_WARN_QUOTED_INCLUDE_IN_FRAMEWORK_HEADER = YES;
				CLANG_WARN_RANGE_LOOP_ANALYSIS = YES;
				CLANG_WARN_STRICT_PROTOTYPES = YES;
				CLANG_WARN_SUSPICIOUS_MOVE = YES;
				CLANG_WARN_UNGUARDED_AVAILABILITY = YES_AGGRESSIVE;
				CLANG_WARN_UNREACHABLE_CODE = YES;
				CLANG_WARN__DUPLICATE_METHOD_MATCH = YES;
				COPY_PHASE_STRIP = NO;
				DEBUG_INFORMATION_FORMAT = "dwarf-with-dsym";
				ENABLE_NS_ASSERTIONS = NO;
				ENABLE_STRICT_OBJC_MSGSEND = YES;
				GCC_C_LANGUAGE_STANDARD = gnu11;
				GCC_NO_COMMON_BLOCKS = YES;
				GCC_WARN_64_TO_32_BIT_CONVERSION = YES;
				GCC_WARN_ABOUT_RETURN_TYPE = YES_ERROR;
				GCC_WARN_UNDECLARED_SELECTOR = YES;
				GCC_WARN_UNINITIALIZED_AUTOS = YES_AGGRESSIVE;
				GCC_WARN_UNUSED_FUNCTION = YES;
				GCC_WARN_UNUSED_VARIABLE = YES;
				IPHONEOS_DEPLOYMENT_TARGET = 15.0;
				MTL_ENABLE_DEBUG_INFO = NO;
				MTL_FAST_MATH = YES;
				SDKROOT = iphoneos;
				SWIFT_COMPILATION_MODE = wholemodule;
				SWIFT_OPTIMIZATION_LEVEL = "-O";
				VALIDATE_PRODUCT = YES;
			};
			name = Release;
		};
		63724105273CCA11001ADFDE /* Debug */ = {
			isa = XCBuildConfiguration;
			buildSettings = {
				ASSETCATALOG_COMPILER_APPICON_NAME = AppIcon;
				ASSETCATALOG_COMPILER_GLOBAL_ACCENT_COLOR_NAME = AccentColor;
				CODE_SIGN_STYLE = Automatic;
				CURRENT_PROJECT_VERSION = 1;
				DEVELOPMENT_TEAM = VUGNZY6N5J;
				GENERATE_INFOPLIST_FILE = YES;
				INFOPLIST_FILE = Metal006Buttons/Info.plist;
				INFOPLIST_KEY_UIApplicationSupportsIndirectInputEvents = YES;
				INFOPLIST_KEY_UILaunchStoryboardName = LaunchScreen;
				INFOPLIST_KEY_UIMainStoryboardFile = Main;
				INFOPLIST_KEY_UISupportedInterfaceOrientations_iPad = UIInterfaceOrientationPortrait;
				INFOPLIST_KEY_UISupportedInterfaceOrientations_iPhone = UIInterfaceOrientationPortrait;
				LD_RUNPATH_SEARCH_PATHS = (
					"$(inherited)",
					"@executable_path/Frameworks",
				);
				MARKETING_VERSION = 1.0;
				PRODUCT_BUNDLE_IDENTIFIER = com.dkanen.Metal006Buttons;
				PRODUCT_NAME = "$(TARGET_NAME)";
				SWIFT_EMIT_LOC_STRINGS = YES;
				SWIFT_VERSION = 5.0;
				TARGETED_DEVICE_FAMILY = "1,2";
			};
			name = Debug;
		};
		63724106273CCA11001ADFDE /* Release */ = {
			isa = XCBuildConfiguration;
			buildSettings = {
				ASSETCATALOG_COMPILER_APPICON_NAME = AppIcon;
				ASSETCATALOG_COMPILER_GLOBAL_ACCENT_COLOR_NAME = AccentColor;
				CODE_SIGN_STYLE = Automatic;
				CURRENT_PROJECT_VERSION = 1;
				DEVELOPMENT_TEAM = VUGNZY6N5J;
				GENERATE_INFOPLIST_FILE = YES;
				INFOPLIST_FILE = Metal006Buttons/Info.plist;
				INFOPLIST_KEY_UIApplicationSupportsIndirectInputEvents = YES;
				INFOPLIST_KEY_UILaunchStoryboardName = LaunchScreen;
				INFOPLIST_KEY_UIMainStoryboardFile = Main;
				INFOPLIST_KEY_UISupportedInterfaceOrientations_iPad = UIInterfaceOrientationPortrait;
				INFOPLIST_KEY_UISupportedInterfaceOrientations_iPhone = UIInterfaceOrientationPortrait;
				LD_RUNPATH_SEARCH_PATHS = (
					"$(inherited)",
					"@executable_path/Frameworks",
				);
				MARKETING_VERSION = 1.0;
				PRODUCT_BUNDLE_IDENTIFIER = com.dkanen.Metal006Buttons;
				PRODUCT_NAME = "$(TARGET_NAME)";
				SWIFT_EMIT_LOC_STRINGS = YES;
				SWIFT_VERSION = 5.0;
				TARGETED_DEVICE_FAMILY = "1,2";
			};
			name = Release;
		};
		63724108273CCA11001ADFDE /* Debug */ = {
			isa = XCBuildConfiguration;
			buildSettings = {
				ALWAYS_EMBED_SWIFT_STANDARD_LIBRARIES = YES;
				BUNDLE_LOADER = "$(TEST_HOST)";
				CODE_SIGN_STYLE = Automatic;
				CURRENT_PROJECT_VERSION = 1;
				DEVELOPMENT_TEAM = VUGNZY6N5J;
				GENERATE_INFOPLIST_FILE = YES;
				IPHONEOS_DEPLOYMENT_TARGET = 15.0;
				LD_RUNPATH_SEARCH_PATHS = (
					"$(inherited)",
					"@executable_path/Frameworks",
					"@loader_path/Frameworks",
				);
				MARKETING_VERSION = 1.0;
				PRODUCT_BUNDLE_IDENTIFIER = com.dkanen.Metal006ButtonsTests;
				PRODUCT_NAME = "$(TARGET_NAME)";
				SWIFT_EMIT_LOC_STRINGS = NO;
				SWIFT_VERSION = 5.0;
				TARGETED_DEVICE_FAMILY = "1,2";
				TEST_HOST = "$(BUILT_PRODUCTS_DIR)/Metal006Buttons.app/Metal006Buttons";
			};
			name = Debug;
		};
		63724109273CCA11001ADFDE /* Release */ = {
			isa = XCBuildConfiguration;
			buildSettings = {
				ALWAYS_EMBED_SWIFT_STANDARD_LIBRARIES = YES;
				BUNDLE_LOADER = "$(TEST_HOST)";
				CODE_SIGN_STYLE = Automatic;
				CURRENT_PROJECT_VERSION = 1;
				DEVELOPMENT_TEAM = VUGNZY6N5J;
				GENERATE_INFOPLIST_FILE = YES;
				IPHONEOS_DEPLOYMENT_TARGET = 15.0;
				LD_RUNPATH_SEARCH_PATHS = (
					"$(inherited)",
					"@executable_path/Frameworks",
					"@loader_path/Frameworks",
				);
				MARKETING_VERSION = 1.0;
				PRODUCT_BUNDLE_IDENTIFIER = com.dkanen.Metal006ButtonsTests;
				PRODUCT_NAME = "$(TARGET_NAME)";
				SWIFT_EMIT_LOC_STRINGS = NO;
				SWIFT_VERSION = 5.0;
				TARGETED_DEVICE_FAMILY = "1,2";
				TEST_HOST = "$(BUILT_PRODUCTS_DIR)/Metal006Buttons.app/Metal006Buttons";
			};
			name = Release;
		};
		6372410B273CCA11001ADFDE /* Debug */ = {
			isa = XCBuildConfiguration;
			buildSettings = {
				ALWAYS_EMBED_SWIFT_STANDARD_LIBRARIES = YES;
				CODE_SIGN_STYLE = Automatic;
				CURRENT_PROJECT_VERSION = 1;
				DEVELOPMENT_TEAM = VUGNZY6N5J;
				GENERATE_INFOPLIST_FILE = YES;
				LD_RUNPATH_SEARCH_PATHS = (
					"$(inherited)",
					"@executable_path/Frameworks",
					"@loader_path/Frameworks",
				);
				MARKETING_VERSION = 1.0;
				PRODUCT_BUNDLE_IDENTIFIER = com.dkanen.Metal006ButtonsUITests;
				PRODUCT_NAME = "$(TARGET_NAME)";
				SWIFT_EMIT_LOC_STRINGS = NO;
				SWIFT_VERSION = 5.0;
				TARGETED_DEVICE_FAMILY = "1,2";
				TEST_TARGET_NAME = Metal006Buttons;
			};
			name = Debug;
		};
		6372410C273CCA11001ADFDE /* Release */ = {
			isa = XCBuildConfiguration;
			buildSettings = {
				ALWAYS_EMBED_SWIFT_STANDARD_LIBRARIES = YES;
				CODE_SIGN_STYLE = Automatic;
				CURRENT_PROJECT_VERSION = 1;
				DEVELOPMENT_TEAM = VUGNZY6N5J;
				GENERATE_INFOPLIST_FILE = YES;
				LD_RUNPATH_SEARCH_PATHS = (
					"$(inherited)",
					"@executable_path/Frameworks",
					"@loader_path/Frameworks",
				);
				MARKETING_VERSION = 1.0;
				PRODUCT_BUNDLE_IDENTIFIER = com.dkanen.Metal006ButtonsUITests;
				PRODUCT_NAME = "$(TARGET_NAME)";
				SWIFT_EMIT_LOC_STRINGS = NO;
				SWIFT_VERSION = 5.0;
				TARGETED_DEVICE_FAMILY = "1,2";
				TEST_TARGET_NAME = Metal006Buttons;
			};
			name = Release;
		};
/* End XCBuildConfiguration section */

/* Begin XCConfigurationList section */
		637240D5273CCA10001ADFDE /* Build configuration list for PBXProject "Metal006Buttons" */ = {
			isa = XCConfigurationList;
			buildConfigurations = (
				63724102273CCA11001ADFDE /* Debug */,
				63724103273CCA11001ADFDE /* Release */,
			);
			defaultConfigurationIsVisible = 0;
			defaultConfigurationName = Release;
		};
		63724104273CCA11001ADFDE /* Build configuration list for PBXNativeTarget "Metal006Buttons" */ = {
			isa = XCConfigurationList;
			buildConfigurations = (
				63724105273CCA11001ADFDE /* Debug */,
				63724106273CCA11001ADFDE /* Release */,
			);
			defaultConfigurationIsVisible = 0;
			defaultConfigurationName = Release;
		};
		63724107273CCA11001ADFDE /* Build configuration list for PBXNativeTarget "Metal006ButtonsTests" */ = {
			isa = XCConfigurationList;
			buildConfigurations = (
				63724108273CCA11001ADFDE /* Debug */,
				63724109273CCA11001ADFDE /* Release */,
			);
			defaultConfigurationIsVisible = 0;
			defaultConfigurationName = Release;
		};
		6372410A273CCA11001ADFDE /* Build configuration list for PBXNativeTarget "Metal006ButtonsUITests" */ = {
			isa = XCConfigurationList;
			buildConfigurations = (
				6372410B273CCA11001ADFDE /* Debug */,
				6372410C273CCA11001ADFDE /* Release */,
			);
			defaultConfigurationIsVisible = 0;
			defaultConfigurationName = Release;
		};
/* End XCConfigurationList section */
	};
	rootObject = 637240D2273CCA10001ADFDE /* Project object */;
}
