// !$*UTF8*$!
{
	archiveVersion = 1;
	classes = {
	};
	objectVersion = 55;
	objects = {

/* Begin PBXBuildFile section */
		63772C79277D39A000DD59C8 /* AppDelegate.swift in Sources */ = {isa = PBXBuildFile; fileRef = 63772C78277D39A000DD59C8 /* AppDelegate.swift */; };
		63772C7B277D39A000DD59C8 /* SceneDelegate.swift in Sources */ = {isa = PBXBuildFile; fileRef = 63772C7A277D39A000DD59C8 /* SceneDelegate.swift */; };
		63772C7D277D39A000DD59C8 /* ViewController.swift in Sources */ = {isa = PBXBuildFile; fileRef = 63772C7C277D39A000DD59C8 /* ViewController.swift */; };
		63772C80277D39A000DD59C8 /* Main.storyboard in Resources */ = {isa = PBXBuildFile; fileRef = 63772C7E277D39A000DD59C8 /* Main.storyboard */; };
		63772C82277D39A100DD59C8 /* Assets.xcassets in Resources */ = {isa = PBXBuildFile; fileRef = 63772C81277D39A100DD59C8 /* Assets.xcassets */; };
		63772C85277D39A100DD59C8 /* LaunchScreen.storyboard in Resources */ = {isa = PBXBuildFile; fileRef = 63772C83277D39A100DD59C8 /* LaunchScreen.storyboard */; };
		63772C90277D39A100DD59C8 /* Metal009Rampage03Tests.swift in Sources */ = {isa = PBXBuildFile; fileRef = 63772C8F277D39A100DD59C8 /* Metal009Rampage03Tests.swift */; };
		63772C9A277D39A100DD59C8 /* Metal009Rampage03UITests.swift in Sources */ = {isa = PBXBuildFile; fileRef = 63772C99277D39A100DD59C8 /* Metal009Rampage03UITests.swift */; };
		63772C9C277D39A100DD59C8 /* Metal009Rampage03UITestsLaunchTests.swift in Sources */ = {isa = PBXBuildFile; fileRef = 63772C9B277D39A100DD59C8 /* Metal009Rampage03UITestsLaunchTests.swift */; };
/* End PBXBuildFile section */

/* Begin PBXContainerItemProxy section */
		63772C8C277D39A100DD59C8 /* PBXContainerItemProxy */ = {
			isa = PBXContainerItemProxy;
			containerPortal = 63772C6D277D39A000DD59C8 /* Project object */;
			proxyType = 1;
			remoteGlobalIDString = 63772C74277D39A000DD59C8;
			remoteInfo = Metal009Rampage03;
		};
		63772C96277D39A100DD59C8 /* PBXContainerItemProxy */ = {
			isa = PBXContainerItemProxy;
			containerPortal = 63772C6D277D39A000DD59C8 /* Project object */;
			proxyType = 1;
			remoteGlobalIDString = 63772C74277D39A000DD59C8;
			remoteInfo = Metal009Rampage03;
		};
/* End PBXContainerItemProxy section */

/* Begin PBXFileReference section */
		63772C75277D39A000DD59C8 /* Metal009Rampage03.app */ = {isa = PBXFileReference; explicitFileType = wrapper.application; includeInIndex = 0; path = Metal009Rampage03.app; sourceTree = BUILT_PRODUCTS_DIR; };
		63772C78277D39A000DD59C8 /* AppDelegate.swift */ = {isa = PBXFileReference; lastKnownFileType = sourcecode.swift; path = AppDelegate.swift; sourceTree = "<group>"; };
		63772C7A277D39A000DD59C8 /* SceneDelegate.swift */ = {isa = PBXFileReference; lastKnownFileType = sourcecode.swift; path = SceneDelegate.swift; sourceTree = "<group>"; };
		63772C7C277D39A000DD59C8 /* ViewController.swift */ = {isa = PBXFileReference; lastKnownFileType = sourcecode.swift; path = ViewController.swift; sourceTree = "<group>"; };
		63772C7F277D39A000DD59C8 /* Base */ = {isa = PBXFileReference; lastKnownFileType = file.storyboard; name = Base; path = Base.lproj/Main.storyboard; sourceTree = "<group>"; };
		63772C81277D39A100DD59C8 /* Assets.xcassets */ = {isa = PBXFileReference; lastKnownFileType = folder.assetcatalog; path = Assets.xcassets; sourceTree = "<group>"; };
		63772C84277D39A100DD59C8 /* Base */ = {isa = PBXFileReference; lastKnownFileType = file.storyboard; name = Base; path = Base.lproj/LaunchScreen.storyboard; sourceTree = "<group>"; };
		63772C86277D39A100DD59C8 /* Info.plist */ = {isa = PBXFileReference; lastKnownFileType = text.plist.xml; path = Info.plist; sourceTree = "<group>"; };
		63772C8B277D39A100DD59C8 /* Metal009Rampage03Tests.xctest */ = {isa = PBXFileReference; explicitFileType = wrapper.cfbundle; includeInIndex = 0; path = Metal009Rampage03Tests.xctest; sourceTree = BUILT_PRODUCTS_DIR; };
		63772C8F277D39A100DD59C8 /* Metal009Rampage03Tests.swift */ = {isa = PBXFileReference; lastKnownFileType = sourcecode.swift; path = Metal009Rampage03Tests.swift; sourceTree = "<group>"; };
		63772C95277D39A100DD59C8 /* Metal009Rampage03UITests.xctest */ = {isa = PBXFileReference; explicitFileType = wrapper.cfbundle; includeInIndex = 0; path = Metal009Rampage03UITests.xctest; sourceTree = BUILT_PRODUCTS_DIR; };
		63772C99277D39A100DD59C8 /* Metal009Rampage03UITests.swift */ = {isa = PBXFileReference; lastKnownFileType = sourcecode.swift; path = Metal009Rampage03UITests.swift; sourceTree = "<group>"; };
		63772C9B277D39A100DD59C8 /* Metal009Rampage03UITestsLaunchTests.swift */ = {isa = PBXFileReference; lastKnownFileType = sourcecode.swift; path = Metal009Rampage03UITestsLaunchTests.swift; sourceTree = "<group>"; };
/* End PBXFileReference section */

/* Begin PBXFrameworksBuildPhase section */
		63772C72277D39A000DD59C8 /* Frameworks */ = {
			isa = PBXFrameworksBuildPhase;
			buildActionMask = 2147483647;
			files = (
			);
			runOnlyForDeploymentPostprocessing = 0;
		};
		63772C88277D39A100DD59C8 /* Frameworks */ = {
			isa = PBXFrameworksBuildPhase;
			buildActionMask = 2147483647;
			files = (
			);
			runOnlyForDeploymentPostprocessing = 0;
		};
		63772C92277D39A100DD59C8 /* Frameworks */ = {
			isa = PBXFrameworksBuildPhase;
			buildActionMask = 2147483647;
			files = (
			);
			runOnlyForDeploymentPostprocessing = 0;
		};
/* End PBXFrameworksBuildPhase section */

/* Begin PBXGroup section */
		63772C6C277D39A000DD59C8 = {
			isa = PBXGroup;
			children = (
				63772C77277D39A000DD59C8 /* Metal009Rampage03 */,
				63772C8E277D39A100DD59C8 /* Metal009Rampage03Tests */,
				63772C98277D39A100DD59C8 /* Metal009Rampage03UITests */,
				63772C76277D39A000DD59C8 /* Products */,
			);
			sourceTree = "<group>";
		};
		63772C76277D39A000DD59C8 /* Products */ = {
			isa = PBXGroup;
			children = (
				63772C75277D39A000DD59C8 /* Metal009Rampage03.app */,
				63772C8B277D39A100DD59C8 /* Metal009Rampage03Tests.xctest */,
				63772C95277D39A100DD59C8 /* Metal009Rampage03UITests.xctest */,
			);
			name = Products;
			sourceTree = "<group>";
		};
		63772C77277D39A000DD59C8 /* Metal009Rampage03 */ = {
			isa = PBXGroup;
			children = (
				63772C78277D39A000DD59C8 /* AppDelegate.swift */,
				63772C7A277D39A000DD59C8 /* SceneDelegate.swift */,
				63772C7C277D39A000DD59C8 /* ViewController.swift */,
				63772C7E277D39A000DD59C8 /* Main.storyboard */,
				63772C81277D39A100DD59C8 /* Assets.xcassets */,
				63772C83277D39A100DD59C8 /* LaunchScreen.storyboard */,
				63772C86277D39A100DD59C8 /* Info.plist */,
			);
			path = Metal009Rampage03;
			sourceTree = "<group>";
		};
		63772C8E277D39A100DD59C8 /* Metal009Rampage03Tests */ = {
			isa = PBXGroup;
			children = (
				63772C8F277D39A100DD59C8 /* Metal009Rampage03Tests.swift */,
			);
			path = Metal009Rampage03Tests;
			sourceTree = "<group>";
		};
		63772C98277D39A100DD59C8 /* Metal009Rampage03UITests */ = {
			isa = PBXGroup;
			children = (
				63772C99277D39A100DD59C8 /* Metal009Rampage03UITests.swift */,
				63772C9B277D39A100DD59C8 /* Metal009Rampage03UITestsLaunchTests.swift */,
			);
			path = Metal009Rampage03UITests;
			sourceTree = "<group>";
		};
/* End PBXGroup section */

/* Begin PBXNativeTarget section */
		63772C74277D39A000DD59C8 /* Metal009Rampage03 */ = {
			isa = PBXNativeTarget;
			buildConfigurationList = 63772C9F277D39A100DD59C8 /* Build configuration list for PBXNativeTarget "Metal009Rampage03" */;
			buildPhases = (
				63772C71277D39A000DD59C8 /* Sources */,
				63772C72277D39A000DD59C8 /* Frameworks */,
				63772C73277D39A000DD59C8 /* Resources */,
			);
			buildRules = (
			);
			dependencies = (
			);
			name = Metal009Rampage03;
			productName = Metal009Rampage03;
			productReference = 63772C75277D39A000DD59C8 /* Metal009Rampage03.app */;
			productType = "com.apple.product-type.application";
		};
		63772C8A277D39A100DD59C8 /* Metal009Rampage03Tests */ = {
			isa = PBXNativeTarget;
			buildConfigurationList = 63772CA2277D39A100DD59C8 /* Build configuration list for PBXNativeTarget "Metal009Rampage03Tests" */;
			buildPhases = (
				63772C87277D39A100DD59C8 /* Sources */,
				63772C88277D39A100DD59C8 /* Frameworks */,
				63772C89277D39A100DD59C8 /* Resources */,
			);
			buildRules = (
			);
			dependencies = (
				63772C8D277D39A100DD59C8 /* PBXTargetDependency */,
			);
			name = Metal009Rampage03Tests;
			productName = Metal009Rampage03Tests;
			productReference = 63772C8B277D39A100DD59C8 /* Metal009Rampage03Tests.xctest */;
			productType = "com.apple.product-type.bundle.unit-test";
		};
		63772C94277D39A100DD59C8 /* Metal009Rampage03UITests */ = {
			isa = PBXNativeTarget;
			buildConfigurationList = 63772CA5277D39A100DD59C8 /* Build configuration list for PBXNativeTarget "Metal009Rampage03UITests" */;
			buildPhases = (
				63772C91277D39A100DD59C8 /* Sources */,
				63772C92277D39A100DD59C8 /* Frameworks */,
				63772C93277D39A100DD59C8 /* Resources */,
			);
			buildRules = (
			);
			dependencies = (
				63772C97277D39A100DD59C8 /* PBXTargetDependency */,
			);
			name = Metal009Rampage03UITests;
			productName = Metal009Rampage03UITests;
			productReference = 63772C95277D39A100DD59C8 /* Metal009Rampage03UITests.xctest */;
			productType = "com.apple.product-type.bundle.ui-testing";
		};
/* End PBXNativeTarget section */

/* Begin PBXProject section */
		63772C6D277D39A000DD59C8 /* Project object */ = {
			isa = PBXProject;
			attributes = {
				BuildIndependentTargetsInParallel = 1;
				LastSwiftUpdateCheck = 1320;
				LastUpgradeCheck = 1320;
				TargetAttributes = {
					63772C74277D39A000DD59C8 = {
						CreatedOnToolsVersion = 13.2.1;
					};
					63772C8A277D39A100DD59C8 = {
						CreatedOnToolsVersion = 13.2.1;
						TestTargetID = 63772C74277D39A000DD59C8;
					};
					63772C94277D39A100DD59C8 = {
						CreatedOnToolsVersion = 13.2.1;
						TestTargetID = 63772C74277D39A000DD59C8;
					};
				};
			};
			buildConfigurationList = 63772C70277D39A000DD59C8 /* Build configuration list for PBXProject "Metal009Rampage03" */;
			compatibilityVersion = "Xcode 13.0";
			developmentRegion = en;
			hasScannedForEncodings = 0;
			knownRegions = (
				en,
				Base,
			);
			mainGroup = 63772C6C277D39A000DD59C8;
			productRefGroup = 63772C76277D39A000DD59C8 /* Products */;
			projectDirPath = "";
			projectRoot = "";
			targets = (
				63772C74277D39A000DD59C8 /* Metal009Rampage03 */,
				63772C8A277D39A100DD59C8 /* Metal009Rampage03Tests */,
				63772C94277D39A100DD59C8 /* Metal009Rampage03UITests */,
			);
		};
/* End PBXProject section */

/* Begin PBXResourcesBuildPhase section */
		63772C73277D39A000DD59C8 /* Resources */ = {
			isa = PBXResourcesBuildPhase;
			buildActionMask = 2147483647;
			files = (
				63772C85277D39A100DD59C8 /* LaunchScreen.storyboard in Resources */,
				63772C82277D39A100DD59C8 /* Assets.xcassets in Resources */,
				63772C80277D39A000DD59C8 /* Main.storyboard in Resources */,
			);
			runOnlyForDeploymentPostprocessing = 0;
		};
		63772C89277D39A100DD59C8 /* Resources */ = {
			isa = PBXResourcesBuildPhase;
			buildActionMask = 2147483647;
			files = (
			);
			runOnlyForDeploymentPostprocessing = 0;
		};
		63772C93277D39A100DD59C8 /* Resources */ = {
			isa = PBXResourcesBuildPhase;
			buildActionMask = 2147483647;
			files = (
			);
			runOnlyForDeploymentPostprocessing = 0;
		};
/* End PBXResourcesBuildPhase section */

/* Begin PBXSourcesBuildPhase section */
		63772C71277D39A000DD59C8 /* Sources */ = {
			isa = PBXSourcesBuildPhase;
			buildActionMask = 2147483647;
			files = (
				63772C7D277D39A000DD59C8 /* ViewController.swift in Sources */,
				63772C79277D39A000DD59C8 /* AppDelegate.swift in Sources */,
				63772C7B277D39A000DD59C8 /* SceneDelegate.swift in Sources */,
			);
			runOnlyForDeploymentPostprocessing = 0;
		};
		63772C87277D39A100DD59C8 /* Sources */ = {
			isa = PBXSourcesBuildPhase;
			buildActionMask = 2147483647;
			files = (
				63772C90277D39A100DD59C8 /* Metal009Rampage03Tests.swift in Sources */,
			);
			runOnlyForDeploymentPostprocessing = 0;
		};
		63772C91277D39A100DD59C8 /* Sources */ = {
			isa = PBXSourcesBuildPhase;
			buildActionMask = 2147483647;
			files = (
				63772C9A277D39A100DD59C8 /* Metal009Rampage03UITests.swift in Sources */,
				63772C9C277D39A100DD59C8 /* Metal009Rampage03UITestsLaunchTests.swift in Sources */,
			);
			runOnlyForDeploymentPostprocessing = 0;
		};
/* End PBXSourcesBuildPhase section */

/* Begin PBXTargetDependency section */
		63772C8D277D39A100DD59C8 /* PBXTargetDependency */ = {
			isa = PBXTargetDependency;
			target = 63772C74277D39A000DD59C8 /* Metal009Rampage03 */;
			targetProxy = 63772C8C277D39A100DD59C8 /* PBXContainerItemProxy */;
		};
		63772C97277D39A100DD59C8 /* PBXTargetDependency */ = {
			isa = PBXTargetDependency;
			target = 63772C74277D39A000DD59C8 /* Metal009Rampage03 */;
			targetProxy = 63772C96277D39A100DD59C8 /* PBXContainerItemProxy */;
		};
/* End PBXTargetDependency section */

/* Begin PBXVariantGroup section */
		63772C7E277D39A000DD59C8 /* Main.storyboard */ = {
			isa = PBXVariantGroup;
			children = (
				63772C7F277D39A000DD59C8 /* Base */,
			);
			name = Main.storyboard;
			sourceTree = "<group>";
		};
		63772C83277D39A100DD59C8 /* LaunchScreen.storyboard */ = {
			isa = PBXVariantGroup;
			children = (
				63772C84277D39A100DD59C8 /* Base */,
			);
			name = LaunchScreen.storyboard;
			sourceTree = "<group>";
		};
/* End PBXVariantGroup section */

/* Begin XCBuildConfiguration section */
		63772C9D277D39A100DD59C8 /* Debug */ = {
			isa = XCBuildConfiguration;
			buildSettings = {
				ALWAYS_SEARCH_USER_PATHS = NO;
				CLANG_ANALYZER_NONNULL = YES;
				CLANG_ANALYZER_NUMBER_OBJECT_CONVERSION = YES_AGGRESSIVE;
				CLANG_CXX_LANGUAGE_STANDARD = "gnu++17";
				CLANG_CXX_LIBRARY = "libc++";
				CLANG_ENABLE_MODULES = YES;
				CLANG_ENABLE_OBJC_ARC = YES;
				CLANG_ENABLE_OBJC_WEAK = YES;
				CLANG_WARN_BLOCK_CAPTURE_AUTORELEASING = YES;
				CLANG_WARN_BOOL_CONVERSION = YES;
				CLANG_WARN_COMMA = YES;
				CLANG_WARN_CONSTANT_CONVERSION = YES;
				CLANG_WARN_DEPRECATED_OBJC_IMPLEMENTATIONS = YES;
				CLANG_WARN_DIRECT_OBJC_ISA_USAGE = YES_ERROR;
				CLANG_WARN_DOCUMENTATION_COMMENTS = YES;
				CLANG_WARN_EMPTY_BODY = YES;
				CLANG_WARN_ENUM_CONVERSION = YES;
				CLANG_WARN_INFINITE_RECURSION = YES;
				CLANG_WARN_INT_CONVERSION = YES;
				CLANG_WARN_NON_LITERAL_NULL_CONVERSION = YES;
				CLANG_WARN_OBJC_IMPLICIT_RETAIN_SELF = YES;
				CLANG_WARN_OBJC_LITERAL_CONVERSION = YES;
				CLANG_WARN_OBJC_ROOT_CLASS = YES_ERROR;
				CLANG_WARN_QUOTED_INCLUDE_IN_FRAMEWORK_HEADER = YES;
				CLANG_WARN_RANGE_LOOP_ANALYSIS = YES;
				CLANG_WARN_STRICT_PROTOTYPES = YES;
				CLANG_WARN_SUSPICIOUS_MOVE = YES;
				CLANG_WARN_UNGUARDED_AVAILABILITY = YES_AGGRESSIVE;
				CLANG_WARN_UNREACHABLE_CODE = YES;
				CLANG_WARN__DUPLICATE_METHOD_MATCH = YES;
				COPY_PHASE_STRIP = NO;
				DEBUG_INFORMATION_FORMAT = dwarf;
				ENABLE_STRICT_OBJC_MSGSEND = YES;
				ENABLE_TESTABILITY = YES;
				GCC_C_LANGUAGE_STANDARD = gnu11;
				GCC_DYNAMIC_NO_PIC = NO;
				GCC_NO_COMMON_BLOCKS = YES;
				GCC_OPTIMIZATION_LEVEL = 0;
				GCC_PREPROCESSOR_DEFINITIONS = (
					"DEBUG=1",
					"$(inherited)",
				);
				GCC_WARN_64_TO_32_BIT_CONVERSION = YES;
				GCC_WARN_ABOUT_RETURN_TYPE = YES_ERROR;
				GCC_WARN_UNDECLARED_SELECTOR = YES;
				GCC_WARN_UNINITIALIZED_AUTOS = YES_AGGRESSIVE;
				GCC_WARN_UNUSED_FUNCTION = YES;
				GCC_WARN_UNUSED_VARIABLE = YES;
				IPHONEOS_DEPLOYMENT_TARGET = 15.2;
				MTL_ENABLE_DEBUG_INFO = INCLUDE_SOURCE;
				MTL_FAST_MATH = YES;
				ONLY_ACTIVE_ARCH = YES;
				SDKROOT = iphoneos;
				SWIFT_ACTIVE_COMPILATION_CONDITIONS = DEBUG;
				SWIFT_OPTIMIZATION_LEVEL = "-Onone";
			};
			name = Debug;
		};
		63772C9E277D39A100DD59C8 /* Release */ = {
			isa = XCBuildConfiguration;
			buildSettings = {
				ALWAYS_SEARCH_USER_PATHS = NO;
				CLANG_ANALYZER_NONNULL = YES;
				CLANG_ANALYZER_NUMBER_OBJECT_CONVERSION = YES_AGGRESSIVE;
				CLANG_CXX_LANGUAGE_STANDARD = "gnu++17";
				CLANG_CXX_LIBRARY = "libc++";
				CLANG_ENABLE_MODULES = YES;
				CLANG_ENABLE_OBJC_ARC = YES;
				CLANG_ENABLE_OBJC_WEAK = YES;
				CLANG_WARN_BLOCK_CAPTURE_AUTORELEASING = YES;
				CLANG_WARN_BOOL_CONVERSION = YES;
				CLANG_WARN_COMMA = YES;
				CLANG_WARN_CONSTANT_CONVERSION = YES;
				CLANG_WARN_DEPRECATED_OBJC_IMPLEMENTATIONS = YES;
				CLANG_WARN_DIRECT_OBJC_ISA_USAGE = YES_ERROR;
				CLANG_WARN_DOCUMENTATION_COMMENTS = YES;
				CLANG_WARN_EMPTY_BODY = YES;
				CLANG_WARN_ENUM_CONVERSION = YES;
				CLANG_WARN_INFINITE_RECURSION = YES;
				CLANG_WARN_INT_CONVERSION = YES;
				CLANG_WARN_NON_LITERAL_NULL_CONVERSION = YES;
				CLANG_WARN_OBJC_IMPLICIT_RETAIN_SELF = YES;
				CLANG_WARN_OBJC_LITERAL_CONVERSION = YES;
				CLANG_WARN_OBJC_ROOT_CLASS = YES_ERROR;
				CLANG_WARN_QUOTED_INCLUDE_IN_FRAMEWORK_HEADER = YES;
				CLANG_WARN_RANGE_LOOP_ANALYSIS = YES;
				CLANG_WARN_STRICT_PROTOTYPES = YES;
				CLANG_WARN_SUSPICIOUS_MOVE = YES;
				CLANG_WARN_UNGUARDED_AVAILABILITY = YES_AGGRESSIVE;
				CLANG_WARN_UNREACHABLE_CODE = YES;
				CLANG_WARN__DUPLICATE_METHOD_MATCH = YES;
				COPY_PHASE_STRIP = NO;
				DEBUG_INFORMATION_FORMAT = "dwarf-with-dsym";
				ENABLE_NS_ASSERTIONS = NO;
				ENABLE_STRICT_OBJC_MSGSEND = YES;
				GCC_C_LANGUAGE_STANDARD = gnu11;
				GCC_NO_COMMON_BLOCKS = YES;
				GCC_WARN_64_TO_32_BIT_CONVERSION = YES;
				GCC_WARN_ABOUT_RETURN_TYPE = YES_ERROR;
				GCC_WARN_UNDECLARED_SELECTOR = YES;
				GCC_WARN_UNINITIALIZED_AUTOS = YES_AGGRESSIVE;
				GCC_WARN_UNUSED_FUNCTION = YES;
				GCC_WARN_UNUSED_VARIABLE = YES;
				IPHONEOS_DEPLOYMENT_TARGET = 15.2;
				MTL_ENABLE_DEBUG_INFO = NO;
				MTL_FAST_MATH = YES;
				SDKROOT = iphoneos;
				SWIFT_COMPILATION_MODE = wholemodule;
				SWIFT_OPTIMIZATION_LEVEL = "-O";
				VALIDATE_PRODUCT = YES;
			};
			name = Release;
		};
		63772CA0277D39A100DD59C8 /* Debug */ = {
			isa = XCBuildConfiguration;
			buildSettings = {
				ASSETCATALOG_COMPILER_APPICON_NAME = AppIcon;
				ASSETCATALOG_COMPILER_GLOBAL_ACCENT_COLOR_NAME = AccentColor;
				CODE_SIGN_STYLE = Automatic;
				CURRENT_PROJECT_VERSION = 1;
				DEVELOPMENT_TEAM = VUGNZY6N5J;
				GENERATE_INFOPLIST_FILE = YES;
				INFOPLIST_FILE = Metal009Rampage03/Info.plist;
				INFOPLIST_KEY_UIApplicationSupportsIndirectInputEvents = YES;
				INFOPLIST_KEY_UILaunchStoryboardName = LaunchScreen;
				INFOPLIST_KEY_UIMainStoryboardFile = Main;
				INFOPLIST_KEY_UISupportedInterfaceOrientations_iPad = "UIInterfaceOrientationPortrait UIInterfaceOrientationPortraitUpsideDown UIInterfaceOrientationLandscapeLeft UIInterfaceOrientationLandscapeRight";
				INFOPLIST_KEY_UISupportedInterfaceOrientations_iPhone = "UIInterfaceOrientationPortrait UIInterfaceOrientationLandscapeLeft UIInterfaceOrientationLandscapeRight";
				LD_RUNPATH_SEARCH_PATHS = (
					"$(inherited)",
					"@executable_path/Frameworks",
				);
				MARKETING_VERSION = 1.0;
				PRODUCT_BUNDLE_IDENTIFIER = com.dkanen.Metal009Rampage03;
				PRODUCT_NAME = "$(TARGET_NAME)";
				SWIFT_EMIT_LOC_STRINGS = YES;
				SWIFT_VERSION = 5.0;
				TARGETED_DEVICE_FAMILY = "1,2";
			};
			name = Debug;
		};
		63772CA1277D39A100DD59C8 /* Release */ = {
			isa = XCBuildConfiguration;
			buildSettings = {
				ASSETCATALOG_COMPILER_APPICON_NAME = AppIcon;
				ASSETCATALOG_COMPILER_GLOBAL_ACCENT_COLOR_NAME = AccentColor;
				CODE_SIGN_STYLE = Automatic;
				CURRENT_PROJECT_VERSION = 1;
				DEVELOPMENT_TEAM = VUGNZY6N5J;
				GENERATE_INFOPLIST_FILE = YES;
				INFOPLIST_FILE = Metal009Rampage03/Info.plist;
				INFOPLIST_KEY_UIApplicationSupportsIndirectInputEvents = YES;
				INFOPLIST_KEY_UILaunchStoryboardName = LaunchScreen;
				INFOPLIST_KEY_UIMainStoryboardFile = Main;
				INFOPLIST_KEY_UISupportedInterfaceOrientations_iPad = "UIInterfaceOrientationPortrait UIInterfaceOrientationPortraitUpsideDown UIInterfaceOrientationLandscapeLeft UIInterfaceOrientationLandscapeRight";
				INFOPLIST_KEY_UISupportedInterfaceOrientations_iPhone = "UIInterfaceOrientationPortrait UIInterfaceOrientationLandscapeLeft UIInterfaceOrientationLandscapeRight";
				LD_RUNPATH_SEARCH_PATHS = (
					"$(inherited)",
					"@executable_path/Frameworks",
				);
				MARKETING_VERSION = 1.0;
				PRODUCT_BUNDLE_IDENTIFIER = com.dkanen.Metal009Rampage03;
				PRODUCT_NAME = "$(TARGET_NAME)";
				SWIFT_EMIT_LOC_STRINGS = YES;
				SWIFT_VERSION = 5.0;
				TARGETED_DEVICE_FAMILY = "1,2";
			};
			name = Release;
		};
		63772CA3277D39A100DD59C8 /* Debug */ = {
			isa = XCBuildConfiguration;
			buildSettings = {
				ALWAYS_EMBED_SWIFT_STANDARD_LIBRARIES = YES;
				BUNDLE_LOADER = "$(TEST_HOST)";
				CODE_SIGN_STYLE = Automatic;
				CURRENT_PROJECT_VERSION = 1;
				DEVELOPMENT_TEAM = VUGNZY6N5J;
				GENERATE_INFOPLIST_FILE = YES;
				IPHONEOS_DEPLOYMENT_TARGET = 15.2;
				MARKETING_VERSION = 1.0;
				PRODUCT_BUNDLE_IDENTIFIER = com.dkanen.Metal009Rampage03Tests;
				PRODUCT_NAME = "$(TARGET_NAME)";
				SWIFT_EMIT_LOC_STRINGS = NO;
				SWIFT_VERSION = 5.0;
				TARGETED_DEVICE_FAMILY = "1,2";
				TEST_HOST = "$(BUILT_PRODUCTS_DIR)/Metal009Rampage03.app/Metal009Rampage03";
			};
			name = Debug;
		};
		63772CA4277D39A100DD59C8 /* Release */ = {
			isa = XCBuildConfiguration;
			buildSettings = {
				ALWAYS_EMBED_SWIFT_STANDARD_LIBRARIES = YES;
				BUNDLE_LOADER = "$(TEST_HOST)";
				CODE_SIGN_STYLE = Automatic;
				CURRENT_PROJECT_VERSION = 1;
				DEVELOPMENT_TEAM = VUGNZY6N5J;
				GENERATE_INFOPLIST_FILE = YES;
				IPHONEOS_DEPLOYMENT_TARGET = 15.2;
				MARKETING_VERSION = 1.0;
				PRODUCT_BUNDLE_IDENTIFIER = com.dkanen.Metal009Rampage03Tests;
				PRODUCT_NAME = "$(TARGET_NAME)";
				SWIFT_EMIT_LOC_STRINGS = NO;
				SWIFT_VERSION = 5.0;
				TARGETED_DEVICE_FAMILY = "1,2";
				TEST_HOST = "$(BUILT_PRODUCTS_DIR)/Metal009Rampage03.app/Metal009Rampage03";
			};
			name = Release;
		};
		63772CA6277D39A100DD59C8 /* Debug */ = {
			isa = XCBuildConfiguration;
			buildSettings = {
				ALWAYS_EMBED_SWIFT_STANDARD_LIBRARIES = YES;
				CODE_SIGN_STYLE = Automatic;
				CURRENT_PROJECT_VERSION = 1;
				DEVELOPMENT_TEAM = VUGNZY6N5J;
				GENERATE_INFOPLIST_FILE = YES;
				MARKETING_VERSION = 1.0;
				PRODUCT_BUNDLE_IDENTIFIER = com.dkanen.Metal009Rampage03UITests;
				PRODUCT_NAME = "$(TARGET_NAME)";
				SWIFT_EMIT_LOC_STRINGS = NO;
				SWIFT_VERSION = 5.0;
				TARGETED_DEVICE_FAMILY = "1,2";
				TEST_TARGET_NAME = Metal009Rampage03;
			};
			name = Debug;
		};
		63772CA7277D39A100DD59C8 /* Release */ = {
			isa = XCBuildConfiguration;
			buildSettings = {
				ALWAYS_EMBED_SWIFT_STANDARD_LIBRARIES = YES;
				CODE_SIGN_STYLE = Automatic;
				CURRENT_PROJECT_VERSION = 1;
				DEVELOPMENT_TEAM = VUGNZY6N5J;
				GENERATE_INFOPLIST_FILE = YES;
				MARKETING_VERSION = 1.0;
				PRODUCT_BUNDLE_IDENTIFIER = com.dkanen.Metal009Rampage03UITests;
				PRODUCT_NAME = "$(TARGET_NAME)";
				SWIFT_EMIT_LOC_STRINGS = NO;
				SWIFT_VERSION = 5.0;
				TARGETED_DEVICE_FAMILY = "1,2";
				TEST_TARGET_NAME = Metal009Rampage03;
			};
			name = Release;
		};
/* End XCBuildConfiguration section */

/* Begin XCConfigurationList section */
		63772C70277D39A000DD59C8 /* Build configuration list for PBXProject "Metal009Rampage03" */ = {
			isa = XCConfigurationList;
			buildConfigurations = (
				63772C9D277D39A100DD59C8 /* Debug */,
				63772C9E277D39A100DD59C8 /* Release */,
			);
			defaultConfigurationIsVisible = 0;
			defaultConfigurationName = Release;
		};
		63772C9F277D39A100DD59C8 /* Build configuration list for PBXNativeTarget "Metal009Rampage03" */ = {
			isa = XCConfigurationList;
			buildConfigurations = (
				63772CA0277D39A100DD59C8 /* Debug */,
				63772CA1277D39A100DD59C8 /* Release */,
			);
			defaultConfigurationIsVisible = 0;
			defaultConfigurationName = Release;
		};
		63772CA2277D39A100DD59C8 /* Build configuration list for PBXNativeTarget "Metal009Rampage03Tests" */ = {
			isa = XCConfigurationList;
			buildConfigurations = (
				63772CA3277D39A100DD59C8 /* Debug */,
				63772CA4277D39A100DD59C8 /* Release */,
			);
			defaultConfigurationIsVisible = 0;
			defaultConfigurationName = Release;
		};
		63772CA5277D39A100DD59C8 /* Build configuration list for PBXNativeTarget "Metal009Rampage03UITests" */ = {
			isa = XCConfigurationList;
			buildConfigurations = (
				63772CA6277D39A100DD59C8 /* Debug */,
				63772CA7277D39A100DD59C8 /* Release */,
			);
			defaultConfigurationIsVisible = 0;
			defaultConfigurationName = Release;
		};
/* End XCConfigurationList section */
	};
	rootObject = 63772C6D277D39A000DD59C8 /* Project object */;
}
