// !$*UTF8*$!
{
	archiveVersion = 1;
	classes = {
	};
	objectVersion = 50;
	objects = {

/* Begin PBXBuildFile section */
		63C9AF9F26B0F92F00AF058E /* Tests_iOS.swift in Sources */ = {isa = PBXBuildFile; fileRef = 63C9AF9E26B0F92F00AF058E /* Tests_iOS.swift */; };
		63C9AFAA26B0F92F00AF058E /* Tests_macOS.swift in Sources */ = {isa = PBXBuildFile; fileRef = 63C9AFA926B0F92F00AF058E /* Tests_macOS.swift */; };
		63C9AFAC26B0F92F00AF058E /* Matrix_CalculatorApp.swift in Sources */ = {isa = PBXBuildFile; fileRef = 63C9AF8326B0F92E00AF058E /* Matrix_CalculatorApp.swift */; };
		63C9AFAD26B0F92F00AF058E /* Matrix_CalculatorApp.swift in Sources */ = {isa = PBXBuildFile; fileRef = 63C9AF8326B0F92E00AF058E /* Matrix_CalculatorApp.swift */; };
		63C9AFAE26B0F92F00AF058E /* ContentView.swift in Sources */ = {isa = PBXBuildFile; fileRef = 63C9AF8426B0F92E00AF058E /* ContentView.swift */; };
		63C9AFAF26B0F92F00AF058E /* ContentView.swift in Sources */ = {isa = PBXBuildFile; fileRef = 63C9AF8426B0F92E00AF058E /* ContentView.swift */; };
		63C9AFB026B0F92F00AF058E /* Assets.xcassets in Resources */ = {isa = PBXBuildFile; fileRef = 63C9AF8526B0F92F00AF058E /* Assets.xcassets */; };
		63C9AFB126B0F92F00AF058E /* Assets.xcassets in Resources */ = {isa = PBXBuildFile; fileRef = 63C9AF8526B0F92F00AF058E /* Assets.xcassets */; };
/* End PBXBuildFile section */

/* Begin PBXContainerItemProxy section */
		63C9AF9B26B0F92F00AF058E /* PBXContainerItemProxy */ = {
			isa = PBXContainerItemProxy;
			containerPortal = 63C9AF7E26B0F92E00AF058E /* Project object */;
			proxyType = 1;
			remoteGlobalIDString = 63C9AF8926B0F92F00AF058E;
			remoteInfo = "Matrix Calculator (iOS)";
		};
		63C9AFA626B0F92F00AF058E /* PBXContainerItemProxy */ = {
			isa = PBXContainerItemProxy;
			containerPortal = 63C9AF7E26B0F92E00AF058E /* Project object */;
			proxyType = 1;
			remoteGlobalIDString = 63C9AF9126B0F92F00AF058E;
			remoteInfo = "Matrix Calculator (macOS)";
		};
/* End PBXContainerItemProxy section */

/* Begin PBXFileReference section */
		63C9AF8326B0F92E00AF058E /* Matrix_CalculatorApp.swift */ = {isa = PBXFileReference; lastKnownFileType = sourcecode.swift; path = Matrix_CalculatorApp.swift; sourceTree = "<group>"; };
		63C9AF8426B0F92E00AF058E /* ContentView.swift */ = {isa = PBXFileReference; lastKnownFileType = sourcecode.swift; path = ContentView.swift; sourceTree = "<group>"; };
		63C9AF8526B0F92F00AF058E /* Assets.xcassets */ = {isa = PBXFileReference; lastKnownFileType = folder.assetcatalog; path = Assets.xcassets; sourceTree = "<group>"; };
		63C9AF8A26B0F92F00AF058E /* Matrix Calculator.app */ = {isa = PBXFileReference; explicitFileType = wrapper.application; includeInIndex = 0; path = "Matrix Calculator.app"; sourceTree = BUILT_PRODUCTS_DIR; };
		63C9AF8D26B0F92F00AF058E /* Info.plist */ = {isa = PBXFileReference; lastKnownFileType = text.plist.xml; path = Info.plist; sourceTree = "<group>"; };
		63C9AF9226B0F92F00AF058E /* Matrix Calculator.app */ = {isa = PBXFileReference; explicitFileType = wrapper.application; includeInIndex = 0; path = "Matrix Calculator.app"; sourceTree = BUILT_PRODUCTS_DIR; };
		63C9AF9426B0F92F00AF058E /* Info.plist */ = {isa = PBXFileReference; lastKnownFileType = text.plist.xml; path = Info.plist; sourceTree = "<group>"; };
		63C9AF9526B0F92F00AF058E /* macOS.entitlements */ = {isa = PBXFileReference; lastKnownFileType = text.plist.entitlements; path = macOS.entitlements; sourceTree = "<group>"; };
		63C9AF9A26B0F92F00AF058E /* Tests iOS.xctest */ = {isa = PBXFileReference; explicitFileType = wrapper.cfbundle; includeInIndex = 0; path = "Tests iOS.xctest"; sourceTree = BUILT_PRODUCTS_DIR; };
		63C9AF9E26B0F92F00AF058E /* Tests_iOS.swift */ = {isa = PBXFileReference; lastKnownFileType = sourcecode.swift; path = Tests_iOS.swift; sourceTree = "<group>"; };
		63C9AFA026B0F92F00AF058E /* Info.plist */ = {isa = PBXFileReference; lastKnownFileType = text.plist.xml; path = Info.plist; sourceTree = "<group>"; };
		63C9AFA526B0F92F00AF058E /* Tests macOS.xctest */ = {isa = PBXFileReference; explicitFileType = wrapper.cfbundle; includeInIndex = 0; path = "Tests macOS.xctest"; sourceTree = BUILT_PRODUCTS_DIR; };
		63C9AFA926B0F92F00AF058E /* Tests_macOS.swift */ = {isa = PBXFileReference; lastKnownFileType = sourcecode.swift; path = Tests_macOS.swift; sourceTree = "<group>"; };
		63C9AFAB26B0F92F00AF058E /* Info.plist */ = {isa = PBXFileReference; lastKnownFileType = text.plist.xml; path = Info.plist; sourceTree = "<group>"; };
/* End PBXFileReference section */

/* Begin PBXFrameworksBuildPhase section */
		63C9AF8726B0F92F00AF058E /* Frameworks */ = {
			isa = PBXFrameworksBuildPhase;
			buildActionMask = 2147483647;
			files = (
			);
			runOnlyForDeploymentPostprocessing = 0;
		};
		63C9AF8F26B0F92F00AF058E /* Frameworks */ = {
			isa = PBXFrameworksBuildPhase;
			buildActionMask = 2147483647;
			files = (
			);
			runOnlyForDeploymentPostprocessing = 0;
		};
		63C9AF9726B0F92F00AF058E /* Frameworks */ = {
			isa = PBXFrameworksBuildPhase;
			buildActionMask = 2147483647;
			files = (
			);
			runOnlyForDeploymentPostprocessing = 0;
		};
		63C9AFA226B0F92F00AF058E /* Frameworks */ = {
			isa = PBXFrameworksBuildPhase;
			buildActionMask = 2147483647;
			files = (
			);
			runOnlyForDeploymentPostprocessing = 0;
		};
/* End PBXFrameworksBuildPhase section */

/* Begin PBXGroup section */
		63C9AF7D26B0F92E00AF058E = {
			isa = PBXGroup;
			children = (
				63C9AF8226B0F92E00AF058E /* Shared */,
				63C9AF8C26B0F92F00AF058E /* iOS */,
				63C9AF9326B0F92F00AF058E /* macOS */,
				63C9AF9D26B0F92F00AF058E /* Tests iOS */,
				63C9AFA826B0F92F00AF058E /* Tests macOS */,
				63C9AF8B26B0F92F00AF058E /* Products */,
			);
			sourceTree = "<group>";
		};
		63C9AF8226B0F92E00AF058E /* Shared */ = {
			isa = PBXGroup;
			children = (
				63C9AF8326B0F92E00AF058E /* Matrix_CalculatorApp.swift */,
				63C9AF8426B0F92E00AF058E /* ContentView.swift */,
				63C9AF8526B0F92F00AF058E /* Assets.xcassets */,
			);
			path = Shared;
			sourceTree = "<group>";
		};
		63C9AF8B26B0F92F00AF058E /* Products */ = {
			isa = PBXGroup;
			children = (
				63C9AF8A26B0F92F00AF058E /* Matrix Calculator.app */,
				63C9AF9226B0F92F00AF058E /* Matrix Calculator.app */,
				63C9AF9A26B0F92F00AF058E /* Tests iOS.xctest */,
				63C9AFA526B0F92F00AF058E /* Tests macOS.xctest */,
			);
			name = Products;
			sourceTree = "<group>";
		};
		63C9AF8C26B0F92F00AF058E /* iOS */ = {
			isa = PBXGroup;
			children = (
				63C9AF8D26B0F92F00AF058E /* Info.plist */,
			);
			path = iOS;
			sourceTree = "<group>";
		};
		63C9AF9326B0F92F00AF058E /* macOS */ = {
			isa = PBXGroup;
			children = (
				63C9AF9426B0F92F00AF058E /* Info.plist */,
				63C9AF9526B0F92F00AF058E /* macOS.entitlements */,
			);
			path = macOS;
			sourceTree = "<group>";
		};
		63C9AF9D26B0F92F00AF058E /* Tests iOS */ = {
			isa = PBXGroup;
			children = (
				63C9AF9E26B0F92F00AF058E /* Tests_iOS.swift */,
				63C9AFA026B0F92F00AF058E /* Info.plist */,
			);
			path = "Tests iOS";
			sourceTree = "<group>";
		};
		63C9AFA826B0F92F00AF058E /* Tests macOS */ = {
			isa = PBXGroup;
			children = (
				63C9AFA926B0F92F00AF058E /* Tests_macOS.swift */,
				63C9AFAB26B0F92F00AF058E /* Info.plist */,
			);
			path = "Tests macOS";
			sourceTree = "<group>";
		};
/* End PBXGroup section */

/* Begin PBXNativeTarget section */
		63C9AF8926B0F92F00AF058E /* Matrix Calculator (iOS) */ = {
			isa = PBXNativeTarget;
			buildConfigurationList = 63C9AFB426B0F92F00AF058E /* Build configuration list for PBXNativeTarget "Matrix Calculator (iOS)" */;
			buildPhases = (
				63C9AF8626B0F92F00AF058E /* Sources */,
				63C9AF8726B0F92F00AF058E /* Frameworks */,
				63C9AF8826B0F92F00AF058E /* Resources */,
			);
			buildRules = (
			);
			dependencies = (
			);
			name = "Matrix Calculator (iOS)";
			productName = "Matrix Calculator (iOS)";
			productReference = 63C9AF8A26B0F92F00AF058E /* Matrix Calculator.app */;
			productType = "com.apple.product-type.application";
		};
		63C9AF9126B0F92F00AF058E /* Matrix Calculator (macOS) */ = {
			isa = PBXNativeTarget;
			buildConfigurationList = 63C9AFB726B0F92F00AF058E /* Build configuration list for PBXNativeTarget "Matrix Calculator (macOS)" */;
			buildPhases = (
				63C9AF8E26B0F92F00AF058E /* Sources */,
				63C9AF8F26B0F92F00AF058E /* Frameworks */,
				63C9AF9026B0F92F00AF058E /* Resources */,
			);
			buildRules = (
			);
			dependencies = (
			);
			name = "Matrix Calculator (macOS)";
			productName = "Matrix Calculator (macOS)";
			productReference = 63C9AF9226B0F92F00AF058E /* Matrix Calculator.app */;
			productType = "com.apple.product-type.application";
		};
		63C9AF9926B0F92F00AF058E /* Tests iOS */ = {
			isa = PBXNativeTarget;
			buildConfigurationList = 63C9AFBA26B0F92F00AF058E /* Build configuration list for PBXNativeTarget "Tests iOS" */;
			buildPhases = (
				63C9AF9626B0F92F00AF058E /* Sources */,
				63C9AF9726B0F92F00AF058E /* Frameworks */,
				63C9AF9826B0F92F00AF058E /* Resources */,
			);
			buildRules = (
			);
			dependencies = (
				63C9AF9C26B0F92F00AF058E /* PBXTargetDependency */,
			);
			name = "Tests iOS";
			productName = "Tests iOS";
			productReference = 63C9AF9A26B0F92F00AF058E /* Tests iOS.xctest */;
			productType = "com.apple.product-type.bundle.ui-testing";
		};
		63C9AFA426B0F92F00AF058E /* Tests macOS */ = {
			isa = PBXNativeTarget;
			buildConfigurationList = 63C9AFBD26B0F92F00AF058E /* Build configuration list for PBXNativeTarget "Tests macOS" */;
			buildPhases = (
				63C9AFA126B0F92F00AF058E /* Sources */,
				63C9AFA226B0F92F00AF058E /* Frameworks */,
				63C9AFA326B0F92F00AF058E /* Resources */,
			);
			buildRules = (
			);
			dependencies = (
				63C9AFA726B0F92F00AF058E /* PBXTargetDependency */,
			);
			name = "Tests macOS";
			productName = "Tests macOS";
			productReference = 63C9AFA526B0F92F00AF058E /* Tests macOS.xctest */;
			productType = "com.apple.product-type.bundle.ui-testing";
		};
/* End PBXNativeTarget section */

/* Begin PBXProject section */
		63C9AF7E26B0F92E00AF058E /* Project object */ = {
			isa = PBXProject;
			attributes = {
				LastSwiftUpdateCheck = 1250;
				LastUpgradeCheck = 1250;
				TargetAttributes = {
					63C9AF8926B0F92F00AF058E = {
						CreatedOnToolsVersion = 12.5.1;
					};
					63C9AF9126B0F92F00AF058E = {
						CreatedOnToolsVersion = 12.5.1;
					};
					63C9AF9926B0F92F00AF058E = {
						CreatedOnToolsVersion = 12.5.1;
						TestTargetID = 63C9AF8926B0F92F00AF058E;
					};
					63C9AFA426B0F92F00AF058E = {
						CreatedOnToolsVersion = 12.5.1;
						TestTargetID = 63C9AF9126B0F92F00AF058E;
					};
				};
			};
			buildConfigurationList = 63C9AF8126B0F92E00AF058E /* Build configuration list for PBXProject "Matrix Calculator" */;
			compatibilityVersion = "Xcode 9.3";
			developmentRegion = en;
			hasScannedForEncodings = 0;
			knownRegions = (
				en,
				Base,
			);
			mainGroup = 63C9AF7D26B0F92E00AF058E;
			productRefGroup = 63C9AF8B26B0F92F00AF058E /* Products */;
			projectDirPath = "";
			projectRoot = "";
			targets = (
				63C9AF8926B0F92F00AF058E /* Matrix Calculator (iOS) */,
				63C9AF9126B0F92F00AF058E /* Matrix Calculator (macOS) */,
				63C9AF9926B0F92F00AF058E /* Tests iOS */,
				63C9AFA426B0F92F00AF058E /* Tests macOS */,
			);
		};
/* End PBXProject section */

/* Begin PBXResourcesBuildPhase section */
		63C9AF8826B0F92F00AF058E /* Resources */ = {
			isa = PBXResourcesBuildPhase;
			buildActionMask = 2147483647;
			files = (
				63C9AFB026B0F92F00AF058E /* Assets.xcassets in Resources */,
			);
			runOnlyForDeploymentPostprocessing = 0;
		};
		63C9AF9026B0F92F00AF058E /* Resources */ = {
			isa = PBXResourcesBuildPhase;
			buildActionMask = 2147483647;
			files = (
				63C9AFB126B0F92F00AF058E /* Assets.xcassets in Resources */,
			);
			runOnlyForDeploymentPostprocessing = 0;
		};
		63C9AF9826B0F92F00AF058E /* Resources */ = {
			isa = PBXResourcesBuildPhase;
			buildActionMask = 2147483647;
			files = (
			);
			runOnlyForDeploymentPostprocessing = 0;
		};
		63C9AFA326B0F92F00AF058E /* Resources */ = {
			isa = PBXResourcesBuildPhase;
			buildActionMask = 2147483647;
			files = (
			);
			runOnlyForDeploymentPostprocessing = 0;
		};
/* End PBXResourcesBuildPhase section */

/* Begin PBXSourcesBuildPhase section */
		63C9AF8626B0F92F00AF058E /* Sources */ = {
			isa = PBXSourcesBuildPhase;
			buildActionMask = 2147483647;
			files = (
				63C9AFAE26B0F92F00AF058E /* ContentView.swift in Sources */,
				63C9AFAC26B0F92F00AF058E /* Matrix_CalculatorApp.swift in Sources */,
			);
			runOnlyForDeploymentPostprocessing = 0;
		};
		63C9AF8E26B0F92F00AF058E /* Sources */ = {
			isa = PBXSourcesBuildPhase;
			buildActionMask = 2147483647;
			files = (
				63C9AFAF26B0F92F00AF058E /* ContentView.swift in Sources */,
				63C9AFAD26B0F92F00AF058E /* Matrix_CalculatorApp.swift in Sources */,
			);
			runOnlyForDeploymentPostprocessing = 0;
		};
		63C9AF9626B0F92F00AF058E /* Sources */ = {
			isa = PBXSourcesBuildPhase;
			buildActionMask = 2147483647;
			files = (
				63C9AF9F26B0F92F00AF058E /* Tests_iOS.swift in Sources */,
			);
			runOnlyForDeploymentPostprocessing = 0;
		};
		63C9AFA126B0F92F00AF058E /* Sources */ = {
			isa = PBXSourcesBuildPhase;
			buildActionMask = 2147483647;
			files = (
				63C9AFAA26B0F92F00AF058E /* Tests_macOS.swift in Sources */,
			);
			runOnlyForDeploymentPostprocessing = 0;
		};
/* End PBXSourcesBuildPhase section */

/* Begin PBXTargetDependency section */
		63C9AF9C26B0F92F00AF058E /* PBXTargetDependency */ = {
			isa = PBXTargetDependency;
			target = 63C9AF8926B0F92F00AF058E /* Matrix Calculator (iOS) */;
			targetProxy = 63C9AF9B26B0F92F00AF058E /* PBXContainerItemProxy */;
		};
		63C9AFA726B0F92F00AF058E /* PBXTargetDependency */ = {
			isa = PBXTargetDependency;
			target = 63C9AF9126B0F92F00AF058E /* Matrix Calculator (macOS) */;
			targetProxy = 63C9AFA626B0F92F00AF058E /* PBXContainerItemProxy */;
		};
/* End PBXTargetDependency section */

/* Begin XCBuildConfiguration section */
		63C9AFB226B0F92F00AF058E /* Debug */ = {
			isa = XCBuildConfiguration;
			buildSettings = {
				ALWAYS_SEARCH_USER_PATHS = NO;
				CLANG_ANALYZER_NONNULL = YES;
				CLANG_ANALYZER_NUMBER_OBJECT_CONVERSION = YES_AGGRESSIVE;
				CLANG_CXX_LANGUAGE_STANDARD = "gnu++14";
				CLANG_CXX_LIBRARY = "libc++";
				CLANG_ENABLE_MODULES = YES;
				CLANG_ENABLE_OBJC_ARC = YES;
				CLANG_ENABLE_OBJC_WEAK = YES;
				CLANG_WARN_BLOCK_CAPTURE_AUTORELEASING = YES;
				CLANG_WARN_BOOL_CONVERSION = YES;
				CLANG_WARN_COMMA = YES;
				CLANG_WARN_CONSTANT_CONVERSION = YES;
				CLANG_WARN_DEPRECATED_OBJC_IMPLEMENTATIONS = YES;
				CLANG_WARN_DIRECT_OBJC_ISA_USAGE = YES_ERROR;
				CLANG_WARN_DOCUMENTATION_COMMENTS = YES;
				CLANG_WARN_EMPTY_BODY = YES;
				CLANG_WARN_ENUM_CONVERSION = YES;
				CLANG_WARN_INFINITE_RECURSION = YES;
				CLANG_WARN_INT_CONVERSION = YES;
				CLANG_WARN_NON_LITERAL_NULL_CONVERSION = YES;
				CLANG_WARN_OBJC_IMPLICIT_RETAIN_SELF = YES;
				CLANG_WARN_OBJC_LITERAL_CONVERSION = YES;
				CLANG_WARN_OBJC_ROOT_CLASS = YES_ERROR;
				CLANG_WARN_QUOTED_INCLUDE_IN_FRAMEWORK_HEADER = YES;
				CLANG_WARN_RANGE_LOOP_ANALYSIS = YES;
				CLANG_WARN_STRICT_PROTOTYPES = YES;
				CLANG_WARN_SUSPICIOUS_MOVE = YES;
				CLANG_WARN_UNGUARDED_AVAILABILITY = YES_AGGRESSIVE;
				CLANG_WARN_UNREACHABLE_CODE = YES;
				CLANG_WARN__DUPLICATE_METHOD_MATCH = YES;
				COPY_PHASE_STRIP = NO;
				DEBUG_INFORMATION_FORMAT = dwarf;
				ENABLE_STRICT_OBJC_MSGSEND = YES;
				ENABLE_TESTABILITY = YES;
				GCC_C_LANGUAGE_STANDARD = gnu11;
				GCC_DYNAMIC_NO_PIC = NO;
				GCC_NO_COMMON_BLOCKS = YES;
				GCC_OPTIMIZATION_LEVEL = 0;
				GCC_PREPROCESSOR_DEFINITIONS = (
					"DEBUG=1",
					"$(inherited)",
				);
				GCC_WARN_64_TO_32_BIT_CONVERSION = YES;
				GCC_WARN_ABOUT_RETURN_TYPE = YES_ERROR;
				GCC_WARN_UNDECLARED_SELECTOR = YES;
				GCC_WARN_UNINITIALIZED_AUTOS = YES_AGGRESSIVE;
				GCC_WARN_UNUSED_FUNCTION = YES;
				GCC_WARN_UNUSED_VARIABLE = YES;
				MTL_ENABLE_DEBUG_INFO = INCLUDE_SOURCE;
				MTL_FAST_MATH = YES;
				ONLY_ACTIVE_ARCH = YES;
				SWIFT_ACTIVE_COMPILATION_CONDITIONS = DEBUG;
				SWIFT_OPTIMIZATION_LEVEL = "-Onone";
			};
			name = Debug;
		};
		63C9AFB326B0F92F00AF058E /* Release */ = {
			isa = XCBuildConfiguration;
			buildSettings = {
				ALWAYS_SEARCH_USER_PATHS = NO;
				CLANG_ANALYZER_NONNULL = YES;
				CLANG_ANALYZER_NUMBER_OBJECT_CONVERSION = YES_AGGRESSIVE;
				CLANG_CXX_LANGUAGE_STANDARD = "gnu++14";
				CLANG_CXX_LIBRARY = "libc++";
				CLANG_ENABLE_MODULES = YES;
				CLANG_ENABLE_OBJC_ARC = YES;
				CLANG_ENABLE_OBJC_WEAK = YES;
				CLANG_WARN_BLOCK_CAPTURE_AUTORELEASING = YES;
				CLANG_WARN_BOOL_CONVERSION = YES;
				CLANG_WARN_COMMA = YES;
				CLANG_WARN_CONSTANT_CONVERSION = YES;
				CLANG_WARN_DEPRECATED_OBJC_IMPLEMENTATIONS = YES;
				CLANG_WARN_DIRECT_OBJC_ISA_USAGE = YES_ERROR;
				CLANG_WARN_DOCUMENTATION_COMMENTS = YES;
				CLANG_WARN_EMPTY_BODY = YES;
				CLANG_WARN_ENUM_CONVERSION = YES;
				CLANG_WARN_INFINITE_RECURSION = YES;
				CLANG_WARN_INT_CONVERSION = YES;
				CLANG_WARN_NON_LITERAL_NULL_CONVERSION = YES;
				CLANG_WARN_OBJC_IMPLICIT_RETAIN_SELF = YES;
				CLANG_WARN_OBJC_LITERAL_CONVERSION = YES;
				CLANG_WARN_OBJC_ROOT_CLASS = YES_ERROR;
				CLANG_WARN_QUOTED_INCLUDE_IN_FRAMEWORK_HEADER = YES;
				CLANG_WARN_RANGE_LOOP_ANALYSIS = YES;
				CLANG_WARN_STRICT_PROTOTYPES = YES;
				CLANG_WARN_SUSPICIOUS_MOVE = YES;
				CLANG_WARN_UNGUARDED_AVAILABILITY = YES_AGGRESSIVE;
				CLANG_WARN_UNREACHABLE_CODE = YES;
				CLANG_WARN__DUPLICATE_METHOD_MATCH = YES;
				COPY_PHASE_STRIP = NO;
				DEBUG_INFORMATION_FORMAT = "dwarf-with-dsym";
				ENABLE_NS_ASSERTIONS = NO;
				ENABLE_STRICT_OBJC_MSGSEND = YES;
				GCC_C_LANGUAGE_STANDARD = gnu11;
				GCC_NO_COMMON_BLOCKS = YES;
				GCC_WARN_64_TO_32_BIT_CONVERSION = YES;
				GCC_WARN_ABOUT_RETURN_TYPE = YES_ERROR;
				GCC_WARN_UNDECLARED_SELECTOR = YES;
				GCC_WARN_UNINITIALIZED_AUTOS = YES_AGGRESSIVE;
				GCC_WARN_UNUSED_FUNCTION = YES;
				GCC_WARN_UNUSED_VARIABLE = YES;
				MTL_ENABLE_DEBUG_INFO = NO;
				MTL_FAST_MATH = YES;
				SWIFT_COMPILATION_MODE = wholemodule;
				SWIFT_OPTIMIZATION_LEVEL = "-O";
			};
			name = Release;
		};
		63C9AFB526B0F92F00AF058E /* Debug */ = {
			isa = XCBuildConfiguration;
			buildSettings = {
				ASSETCATALOG_COMPILER_APPICON_NAME = AppIcon;
				ASSETCATALOG_COMPILER_GLOBAL_ACCENT_COLOR_NAME = AccentColor;
				CODE_SIGN_STYLE = Automatic;
				DEVELOPMENT_TEAM = VUGNZY6N5J;
				ENABLE_PREVIEWS = YES;
				INFOPLIST_FILE = iOS/Info.plist;
				IPHONEOS_DEPLOYMENT_TARGET = 14.0;
				LD_RUNPATH_SEARCH_PATHS = (
					"$(inherited)",
					"@executable_path/Frameworks",
				);
				PRODUCT_BUNDLE_IDENTIFIER = "com.dkanen.Matrix-Calculator";
				PRODUCT_NAME = "Matrix Calculator";
				SDKROOT = iphoneos;
				SWIFT_VERSION = 5.0;
				TARGETED_DEVICE_FAMILY = "1,2";
			};
			name = Debug;
		};
		63C9AFB626B0F92F00AF058E /* Release */ = {
			isa = XCBuildConfiguration;
			buildSettings = {
				ASSETCATALOG_COMPILER_APPICON_NAME = AppIcon;
				ASSETCATALOG_COMPILER_GLOBAL_ACCENT_COLOR_NAME = AccentColor;
				CODE_SIGN_STYLE = Automatic;
				DEVELOPMENT_TEAM = VUGNZY6N5J;
				ENABLE_PREVIEWS = YES;
				INFOPLIST_FILE = iOS/Info.plist;
				IPHONEOS_DEPLOYMENT_TARGET = 14.0;
				LD_RUNPATH_SEARCH_PATHS = (
					"$(inherited)",
					"@executable_path/Frameworks",
				);
				PRODUCT_BUNDLE_IDENTIFIER = "com.dkanen.Matrix-Calculator";
				PRODUCT_NAME = "Matrix Calculator";
				SDKROOT = iphoneos;
				SWIFT_VERSION = 5.0;
				TARGETED_DEVICE_FAMILY = "1,2";
				VALIDATE_PRODUCT = YES;
			};
			name = Release;
		};
		63C9AFB826B0F92F00AF058E /* Debug */ = {
			isa = XCBuildConfiguration;
			buildSettings = {
				ASSETCATALOG_COMPILER_APPICON_NAME = AppIcon;
				ASSETCATALOG_COMPILER_GLOBAL_ACCENT_COLOR_NAME = AccentColor;
				CODE_SIGN_ENTITLEMENTS = macOS/macOS.entitlements;
				CODE_SIGN_STYLE = Automatic;
				COMBINE_HIDPI_IMAGES = YES;
				DEVELOPMENT_TEAM = VUGNZY6N5J;
				ENABLE_HARDENED_RUNTIME = YES;
				ENABLE_PREVIEWS = YES;
				INFOPLIST_FILE = macOS/Info.plist;
				LD_RUNPATH_SEARCH_PATHS = (
					"$(inherited)",
					"@executable_path/../Frameworks",
				);
				MACOSX_DEPLOYMENT_TARGET = 11.0;
				PRODUCT_BUNDLE_IDENTIFIER = "com.dkanen.Matrix-Calculator";
				PRODUCT_NAME = "Matrix Calculator";
				SDKROOT = macosx;
				SWIFT_VERSION = 5.0;
			};
			name = Debug;
		};
		63C9AFB926B0F92F00AF058E /* Release */ = {
			isa = XCBuildConfiguration;
			buildSettings = {
				ASSETCATALOG_COMPILER_APPICON_NAME = AppIcon;
				ASSETCATALOG_COMPILER_GLOBAL_ACCENT_COLOR_NAME = AccentColor;
				CODE_SIGN_ENTITLEMENTS = macOS/macOS.entitlements;
				CODE_SIGN_STYLE = Automatic;
				COMBINE_HIDPI_IMAGES = YES;
				DEVELOPMENT_TEAM = VUGNZY6N5J;
				ENABLE_HARDENED_RUNTIME = YES;
				ENABLE_PREVIEWS = YES;
				INFOPLIST_FILE = macOS/Info.plist;
				LD_RUNPATH_SEARCH_PATHS = (
					"$(inherited)",
					"@executable_path/../Frameworks",
				);
				MACOSX_DEPLOYMENT_TARGET = 11.0;
				PRODUCT_BUNDLE_IDENTIFIER = "com.dkanen.Matrix-Calculator";
				PRODUCT_NAME = "Matrix Calculator";
				SDKROOT = macosx;
				SWIFT_VERSION = 5.0;
			};
			name = Release;
		};
		63C9AFBB26B0F92F00AF058E /* Debug */ = {
			isa = XCBuildConfiguration;
			buildSettings = {
				ALWAYS_EMBED_SWIFT_STANDARD_LIBRARIES = YES;
				CODE_SIGN_STYLE = Automatic;
				DEVELOPMENT_TEAM = VUGNZY6N5J;
				INFOPLIST_FILE = "Tests iOS/Info.plist";
				IPHONEOS_DEPLOYMENT_TARGET = 14.5;
				LD_RUNPATH_SEARCH_PATHS = (
					"$(inherited)",
					"@executable_path/Frameworks",
					"@loader_path/Frameworks",
				);
				PRODUCT_BUNDLE_IDENTIFIER = "com.dkanen.Tests-iOS";
				PRODUCT_NAME = "$(TARGET_NAME)";
				SDKROOT = iphoneos;
				SWIFT_VERSION = 5.0;
				TARGETED_DEVICE_FAMILY = "1,2";
				TEST_TARGET_NAME = "Matrix Calculator (iOS)";
			};
			name = Debug;
		};
		63C9AFBC26B0F92F00AF058E /* Release */ = {
			isa = XCBuildConfiguration;
			buildSettings = {
				ALWAYS_EMBED_SWIFT_STANDARD_LIBRARIES = YES;
				CODE_SIGN_STYLE = Automatic;
				DEVELOPMENT_TEAM = VUGNZY6N5J;
				INFOPLIST_FILE = "Tests iOS/Info.plist";
				IPHONEOS_DEPLOYMENT_TARGET = 14.5;
				LD_RUNPATH_SEARCH_PATHS = (
					"$(inherited)",
					"@executable_path/Frameworks",
					"@loader_path/Frameworks",
				);
				PRODUCT_BUNDLE_IDENTIFIER = "com.dkanen.Tests-iOS";
				PRODUCT_NAME = "$(TARGET_NAME)";
				SDKROOT = iphoneos;
				SWIFT_VERSION = 5.0;
				TARGETED_DEVICE_FAMILY = "1,2";
				TEST_TARGET_NAME = "Matrix Calculator (iOS)";
				VALIDATE_PRODUCT = YES;
			};
			name = Release;
		};
		63C9AFBE26B0F92F00AF058E /* Debug */ = {
			isa = XCBuildConfiguration;
			buildSettings = {
				ALWAYS_EMBED_SWIFT_STANDARD_LIBRARIES = YES;
				CODE_SIGN_STYLE = Automatic;
				COMBINE_HIDPI_IMAGES = YES;
				DEVELOPMENT_TEAM = VUGNZY6N5J;
				INFOPLIST_FILE = "Tests macOS/Info.plist";
				LD_RUNPATH_SEARCH_PATHS = (
					"$(inherited)",
					"@executable_path/../Frameworks",
					"@loader_path/../Frameworks",
				);
				MACOSX_DEPLOYMENT_TARGET = 11.3;
				PRODUCT_BUNDLE_IDENTIFIER = "com.dkanen.Tests-macOS";
				PRODUCT_NAME = "$(TARGET_NAME)";
				SDKROOT = macosx;
				SWIFT_VERSION = 5.0;
				TEST_TARGET_NAME = "Matrix Calculator (macOS)";
			};
			name = Debug;
		};
		63C9AFBF26B0F92F00AF058E /* Release */ = {
			isa = XCBuildConfiguration;
			buildSettings = {
				ALWAYS_EMBED_SWIFT_STANDARD_LIBRARIES = YES;
				CODE_SIGN_STYLE = Automatic;
				COMBINE_HIDPI_IMAGES = YES;
				DEVELOPMENT_TEAM = VUGNZY6N5J;
				INFOPLIST_FILE = "Tests macOS/Info.plist";
				LD_RUNPATH_SEARCH_PATHS = (
					"$(inherited)",
					"@executable_path/../Frameworks",
					"@loader_path/../Frameworks",
				);
				MACOSX_DEPLOYMENT_TARGET = 11.3;
				PRODUCT_BUNDLE_IDENTIFIER = "com.dkanen.Tests-macOS";
				PRODUCT_NAME = "$(TARGET_NAME)";
				SDKROOT = macosx;
				SWIFT_VERSION = 5.0;
				TEST_TARGET_NAME = "Matrix Calculator (macOS)";
			};
			name = Release;
		};
/* End XCBuildConfiguration section */

/* Begin XCConfigurationList section */
		63C9AF8126B0F92E00AF058E /* Build configuration list for PBXProject "Matrix Calculator" */ = {
			isa = XCConfigurationList;
			buildConfigurations = (
				63C9AFB226B0F92F00AF058E /* Debug */,
				63C9AFB326B0F92F00AF058E /* Release */,
			);
			defaultConfigurationIsVisible = 0;
			defaultConfigurationName = Release;
		};
		63C9AFB426B0F92F00AF058E /* Build configuration list for PBXNativeTarget "Matrix Calculator (iOS)" */ = {
			isa = XCConfigurationList;
			buildConfigurations = (
				63C9AFB526B0F92F00AF058E /* Debug */,
				63C9AFB626B0F92F00AF058E /* Release */,
			);
			defaultConfigurationIsVisible = 0;
			defaultConfigurationName = Release;
		};
		63C9AFB726B0F92F00AF058E /* Build configuration list for PBXNativeTarget "Matrix Calculator (macOS)" */ = {
			isa = XCConfigurationList;
			buildConfigurations = (
				63C9AFB826B0F92F00AF058E /* Debug */,
				63C9AFB926B0F92F00AF058E /* Release */,
			);
			defaultConfigurationIsVisible = 0;
			defaultConfigurationName = Release;
		};
		63C9AFBA26B0F92F00AF058E /* Build configuration list for PBXNativeTarget "Tests iOS" */ = {
			isa = XCConfigurationList;
			buildConfigurations = (
				63C9AFBB26B0F92F00AF058E /* Debug */,
				63C9AFBC26B0F92F00AF058E /* Release */,
			);
			defaultConfigurationIsVisible = 0;
			defaultConfigurationName = Release;
		};
		63C9AFBD26B0F92F00AF058E /* Build configuration list for PBXNativeTarget "Tests macOS" */ = {
			isa = XCConfigurationList;
			buildConfigurations = (
				63C9AFBE26B0F92F00AF058E /* Debug */,
				63C9AFBF26B0F92F00AF058E /* Release */,
			);
			defaultConfigurationIsVisible = 0;
			defaultConfigurationName = Release;
		};
/* End XCConfigurationList section */
	};
	rootObject = 63C9AF7E26B0F92E00AF058E /* Project object */;
}
